// !$*UTF8*$!
{
	archiveVersion = 1;
	classes = {};
	objectVersion = 56;
	objects = {

/* Begin PBXBuildFile section */
		6940A4A0E31D43FDAA10A197 /* PennyApp.swift in Sources */ = {isa = PBXBuildFile; fileRef = 5ADD407C77F647C09B61B6BD /* PennyApp.swift */; };
		DA2C2D94D9FA4AD8B2F36AAB /* PennyComponents.swift in Sources */ = {isa = PBXBuildFile; fileRef = B9988FA9D47C490A86D20367 /* PennyComponents.swift */; };
		57CB2965844E4AEEB5F845CA /* PennyButtonStyles.swift in Sources */ = {isa = PBXBuildFile; fileRef = 95F2DB51CEED47EEBFE2DA84 /* PennyButtonStyles.swift */; };
		8E01E2489DB34D649D11FD72 /* PennyColors.swift in Sources */ = {isa = PBXBuildFile; fileRef = CAB6CBF8502C409ABDB289B0 /* PennyColors.swift */; };
		043A5E68FC2243D4972E3758 /* PennySpacing.swift in Sources */ = {isa = PBXBuildFile; fileRef = 20FECA948C004EBBA888EB94 /* PennySpacing.swift */; };
		391D642756EE4FF08034B9F1 /* PennyTypography.swift in Sources */ = {isa = PBXBuildFile; fileRef = 3EE7DE298C93484EAA3254AD /* PennyTypography.swift */; };
		6206064975B941EFA9F598BD /* ActivityView.swift in Sources */ = {isa = PBXBuildFile; fileRef = 4D339FE0654A4F10AA14B71B /* ActivityView.swift */; };
		0E8B0022088640DAA483A64D /* BudgetView.swift in Sources */ = {isa = PBXBuildFile; fileRef = 73FCDADAD4AC47969AC7903C /* BudgetView.swift */; };
		152845BFC80A4689A603281B /* HomeView.swift in Sources */ = {isa = PBXBuildFile; fileRef = 94E10706C0414AA48C7F7582 /* HomeView.swift */; };
		DF49315D529045F98017DA08 /* OnboardingView.swift in Sources */ = {isa = PBXBuildFile; fileRef = 54BE14BE1F8E4363BD6CF55D /* OnboardingView.swift */; };
		C4E09D564E6843E9BEF9CA3A /* PlanView.swift in Sources */ = {isa = PBXBuildFile; fileRef = 895F2E21B2DB41D79AE74F4F /* PlanView.swift */; };
		6F254ED0F3064B1A911A4F35 /* ApplePayCaptureSetupView.swift in Sources */ = {isa = PBXBuildFile; fileRef = 4B0EB3DE4481460B9A40461B /* ApplePayCaptureSetupView.swift */; };
		F1B16F00C7704942A80B9AAD /* SettingsView.swift in Sources */ = {isa = PBXBuildFile; fileRef = 710E5CA5E377412DBB3C0108 /* SettingsView.swift */; };
		7621D58B373842E6B6248446 /* LogApplePayPurchaseIntent.swift in Sources */ = {isa = PBXBuildFile; fileRef = 5816223D4CA84AEDAC9AE5DF /* LogApplePayPurchaseIntent.swift */; };
		35345AA5B6534C0CA085E0B4 /* Models.swift in Sources */ = {isa = PBXBuildFile; fileRef = FFD11232938145F2ADE16B29 /* Models.swift */; };
		81703F41B54F4FFAABAA6899 /* PennyPersistence.swift in Sources */ = {isa = PBXBuildFile; fileRef = 13F28D3D8C5243FC9A175C6D /* PennyPersistence.swift */; };
		D0CD9FB81B5648A6A49FD3D7 /* AppSession.swift in Sources */ = {isa = PBXBuildFile; fileRef = 190F1B76EAF4445D924EA2AC /* AppSession.swift */; };
		B72C9964977342638AFF5DE8 /* ApplePayCaptureLogic.swift in Sources */ = {isa = PBXBuildFile; fileRef = 279C7E1AD7CF40F8BF997D8A /* ApplePayCaptureLogic.swift */; };
		57337FA7C0FE4F759D29D2F6 /* ApplePayCaptureService.swift in Sources */ = {isa = PBXBuildFile; fileRef = 11FF17E3D7474AF18D7F2BE0 /* ApplePayCaptureService.swift */; };
		5A764B655B6243DE935E6C71 /* BudgetPlanning.swift in Sources */ = {isa = PBXBuildFile; fileRef = 8652F8C48E97482E9F91B61F /* BudgetPlanning.swift */; };
		4AC62D9A70D54DD78FCDE8CE /* DemoDataService.swift in Sources */ = {isa = PBXBuildFile; fileRef = F03E97D8982F4618B6AB50AC /* DemoDataService.swift */; };
		CF6E1116A00348478E63155F /* FinanceCalculator.swift in Sources */ = {isa = PBXBuildFile; fileRef = A64C366752CE4804A90249DC /* FinanceCalculator.swift */; };
		796FC76175524BF1B0B1DE4E /* InsightEngine.swift in Sources */ = {isa = PBXBuildFile; fileRef = C6A930819FCB4F02B4B47AE3 /* InsightEngine.swift */; };
		2234F63EC55C4F2EA2444C46 /* NotificationService.swift in Sources */ = {isa = PBXBuildFile; fileRef = 9305D8D5478444EF9E6B7A6D /* NotificationService.swift */; };
		7A1B3C680CD54EEDA1FD2D68 /* WidgetSnapshotStore.swift in Sources */ = {isa = PBXBuildFile; fileRef = 1F8DB88FAFBA495DA005497A /* WidgetSnapshotStore.swift */; };
		81D65D4EAD7B4E9D9910AF15 /* DateHelpers.swift in Sources */ = {isa = PBXBuildFile; fileRef = F265DEA77A6B419180FE4EB5 /* DateHelpers.swift */; };
		A1AEA59D9D304124BC73FC9D /* Haptics.swift in Sources */ = {isa = PBXBuildFile; fileRef = 8DA1D3F43BAF427DB27E455F /* Haptics.swift */; };
		AD8E0CBD12F44896AFCE8B71 /* Keyboard.swift in Sources */ = {isa = PBXBuildFile; fileRef = F9DFC22538DB47B5BA26D601 /* Keyboard.swift */; };
		45DC376E8D094FB0BCD802F9 /* MoneyFormatters.swift in Sources */ = {isa = PBXBuildFile; fileRef = 2A5FEE413D014887BD5301C9 /* MoneyFormatters.swift */; };
		CDDD5783741C4D3C8AF452C3 /* PennyAppInfo.swift in Sources */ = {isa = PBXBuildFile; fileRef = 0508E4B4D7FE4CE7B7FFECBC /* PennyAppInfo.swift */; };
		376E79071651424DBD0EA93C /* ApplePayCaptureLogicTests.swift in Sources */ = {isa = PBXBuildFile; fileRef = A68EA2BA48274D5E89456D8D /* ApplePayCaptureLogicTests.swift */; };
		90795C58C74F4F44867B5300 /* ApplePayCaptureServiceTests.swift in Sources */ = {isa = PBXBuildFile; fileRef = D1B657F7A7B24B47A2CC7504 /* ApplePayCaptureServiceTests.swift */; };
		C3571B38BC034BA28942B1A8 /* ApplePayShortcutsGuideTests.swift in Sources */ = {isa = PBXBuildFile; fileRef = 9E3D86CDAAB9495BAA1E8A39 /* ApplePayShortcutsGuideTests.swift */; };
		E78ADE11B1F04DCEAB09D519 /* FinanceCalculatorTests.swift in Sources */ = {isa = PBXBuildFile; fileRef = 65816A3CB1744D7781076BB1 /* FinanceCalculatorTests.swift */; };
		D9BDC3BAD4B7475F9332617B /* PennyWidgetsBundle.swift in Sources */ = {isa = PBXBuildFile; fileRef = B11A1C46ADF3447CB845A403 /* PennyWidgetsBundle.swift */; };
		6B81919865A24DDEBD9C3C80 /* SafeToSpendWidget.swift in Sources */ = {isa = PBXBuildFile; fileRef = 6EC3E69226B646B485F8EBCD /* SafeToSpendWidget.swift */; };
		E1F95BAD946240FBA3F8D959 /* UpcomingReminderWidget.swift in Sources */ = {isa = PBXBuildFile; fileRef = 57A2151C75EB4EDCBF71FCCF /* UpcomingReminderWidget.swift */; };
		321F6CCBE2B94FF8AA733B16 /* WidgetSnapshotBridge.swift in Sources */ = {isa = PBXBuildFile; fileRef = 8C91A9130009493383615BA8 /* WidgetSnapshotBridge.swift */; };
		DAAB0926F770419C9AAF319C /* Assets.xcassets in Resources */ = {isa = PBXBuildFile; fileRef = 40C70FC4C32746E48A01E5FE /* Assets.xcassets */; };
		CF08CCF44E7844529A93C350 /* Penny.app in Frameworks */ = {isa = PBXBuildFile; fileRef = A10000000000000000000008 /* Penny.app */; };
		A10000000000000000000026 /* PennyWidgets.appex in Embed Foundation Extensions */ = {isa = PBXBuildFile; fileRef = A1000000000000000000001C /* PennyWidgets.appex */; settings = {ATTRIBUTES = (RemoveHeadersOnCopy, ); }; };
/* End PBXBuildFile section */

/* Begin PBXContainerItemProxy section */
		A10000000000000000000010 /* PBXContainerItemProxy */ = {
			isa = PBXContainerItemProxy;
			containerPortal = A10000000000000000000001 /* Project object */;
			proxyType = 1;
			remoteGlobalIDString = A10000000000000000000006;
			remoteInfo = Penny;
		};
		A10000000000000000000025 /* PBXContainerItemProxy */ = {
			isa = PBXContainerItemProxy;
			containerPortal = A10000000000000000000001 /* Project object */;
			proxyType = 1;
			remoteGlobalIDString = A1000000000000000000001B;
			remoteInfo = PennyWidgets;
		};
/* End PBXContainerItemProxy section */

/* Begin PBXCopyFilesBuildPhase section */
		A10000000000000000000023 /* Embed Foundation Extensions */ = {
			isa = PBXCopyFilesBuildPhase;
			buildActionMask = 2147483647;
			dstPath = "";
			dstSubfolderSpec = 13;
			files = (
				A10000000000000000000026 /* PennyWidgets.appex in Embed Foundation Extensions */,
			);
			name = "Embed Foundation Extensions";
			runOnlyForDeploymentPostprocessing = 0;
		};
/* End PBXCopyFilesBuildPhase section */

/* Begin PBXFileReference section */
		A10000000000000000000008 /* Penny.app */ = {isa = PBXFileReference; explicitFileType = wrapper.application; includeInIndex = 0; path = Penny.app; sourceTree = BUILT_PRODUCTS_DIR; };
		A1000000000000000000001C /* PennyWidgets.appex */ = {isa = PBXFileReference; explicitFileType = "wrapper.app-extension"; includeInIndex = 0; path = PennyWidgets.appex; sourceTree = BUILT_PRODUCTS_DIR; };
		A10000000000000000000009 /* PennyTests.xctest */ = {isa = PBXFileReference; explicitFileType = wrapper.cfbundle; includeInIndex = 0; path = PennyTests.xctest; sourceTree = BUILT_PRODUCTS_DIR; };
		A10000000000000000000027 /* Penny.entitlements */ = {isa = PBXFileReference; lastKnownFileType = text.plist.entitlements; path = Penny.entitlements; sourceTree = "<group>"; };
		A10000000000000000000028 /* PennyWidgets.entitlements */ = {isa = PBXFileReference; lastKnownFileType = text.plist.entitlements; path = PennyWidgets.entitlements; sourceTree = "<group>"; };
		A10000000000000000000029 /* Info.plist */ = {isa = PBXFileReference; lastKnownFileType = text.plist.xml; path = Info.plist; sourceTree = "<group>"; };
		5ADD407C77F647C09B61B6BD /* PennyApp.swift */ = {isa = PBXFileReference; lastKnownFileType = sourcecode.swift; path = PennyApp.swift; sourceTree = "<group>"; };
		B9988FA9D47C490A86D20367 /* PennyComponents.swift */ = {isa = PBXFileReference; lastKnownFileType = sourcecode.swift; path = PennyComponents.swift; sourceTree = "<group>"; };
		95F2DB51CEED47EEBFE2DA84 /* PennyButtonStyles.swift */ = {isa = PBXFileReference; lastKnownFileType = sourcecode.swift; path = PennyButtonStyles.swift; sourceTree = "<group>"; };
		CAB6CBF8502C409ABDB289B0 /* PennyColors.swift */ = {isa = PBXFileReference; lastKnownFileType = sourcecode.swift; path = PennyColors.swift; sourceTree = "<group>"; };
		20FECA948C004EBBA888EB94 /* PennySpacing.swift */ = {isa = PBXFileReference; lastKnownFileType = sourcecode.swift; path = PennySpacing.swift; sourceTree = "<group>"; };
		3EE7DE298C93484EAA3254AD /* PennyTypography.swift */ = {isa = PBXFileReference; lastKnownFileType = sourcecode.swift; path = PennyTypography.swift; sourceTree = "<group>"; };
		4D339FE0654A4F10AA14B71B /* ActivityView.swift */ = {isa = PBXFileReference; lastKnownFileType = sourcecode.swift; path = ActivityView.swift; sourceTree = "<group>"; };
		73FCDADAD4AC47969AC7903C /* BudgetView.swift */ = {isa = PBXFileReference; lastKnownFileType = sourcecode.swift; path = BudgetView.swift; sourceTree = "<group>"; };
		94E10706C0414AA48C7F7582 /* HomeView.swift */ = {isa = PBXFileReference; lastKnownFileType = sourcecode.swift; path = HomeView.swift; sourceTree = "<group>"; };
		54BE14BE1F8E4363BD6CF55D /* OnboardingView.swift */ = {isa = PBXFileReference; lastKnownFileType = sourcecode.swift; path = OnboardingView.swift; sourceTree = "<group>"; };
		895F2E21B2DB41D79AE74F4F /* PlanView.swift */ = {isa = PBXFileReference; lastKnownFileType = sourcecode.swift; path = PlanView.swift; sourceTree = "<group>"; };
		4B0EB3DE4481460B9A40461B /* ApplePayCaptureSetupView.swift */ = {isa = PBXFileReference; lastKnownFileType = sourcecode.swift; path = ApplePayCaptureSetupView.swift; sourceTree = "<group>"; };
		710E5CA5E377412DBB3C0108 /* SettingsView.swift */ = {isa = PBXFileReference; lastKnownFileType = sourcecode.swift; path = SettingsView.swift; sourceTree = "<group>"; };
		5816223D4CA84AEDAC9AE5DF /* LogApplePayPurchaseIntent.swift */ = {isa = PBXFileReference; lastKnownFileType = sourcecode.swift; path = LogApplePayPurchaseIntent.swift; sourceTree = "<group>"; };
		FFD11232938145F2ADE16B29 /* Models.swift */ = {isa = PBXFileReference; lastKnownFileType = sourcecode.swift; path = Models.swift; sourceTree = "<group>"; };
		13F28D3D8C5243FC9A175C6D /* PennyPersistence.swift */ = {isa = PBXFileReference; lastKnownFileType = sourcecode.swift; path = PennyPersistence.swift; sourceTree = "<group>"; };
		190F1B76EAF4445D924EA2AC /* AppSession.swift */ = {isa = PBXFileReference; lastKnownFileType = sourcecode.swift; path = AppSession.swift; sourceTree = "<group>"; };
		279C7E1AD7CF40F8BF997D8A /* ApplePayCaptureLogic.swift */ = {isa = PBXFileReference; lastKnownFileType = sourcecode.swift; path = ApplePayCaptureLogic.swift; sourceTree = "<group>"; };
		11FF17E3D7474AF18D7F2BE0 /* ApplePayCaptureService.swift */ = {isa = PBXFileReference; lastKnownFileType = sourcecode.swift; path = ApplePayCaptureService.swift; sourceTree = "<group>"; };
		8652F8C48E97482E9F91B61F /* BudgetPlanning.swift */ = {isa = PBXFileReference; lastKnownFileType = sourcecode.swift; path = BudgetPlanning.swift; sourceTree = "<group>"; };
		F03E97D8982F4618B6AB50AC /* DemoDataService.swift */ = {isa = PBXFileReference; lastKnownFileType = sourcecode.swift; path = DemoDataService.swift; sourceTree = "<group>"; };
		A64C366752CE4804A90249DC /* FinanceCalculator.swift */ = {isa = PBXFileReference; lastKnownFileType = sourcecode.swift; path = FinanceCalculator.swift; sourceTree = "<group>"; };
		C6A930819FCB4F02B4B47AE3 /* InsightEngine.swift */ = {isa = PBXFileReference; lastKnownFileType = sourcecode.swift; path = InsightEngine.swift; sourceTree = "<group>"; };
		9305D8D5478444EF9E6B7A6D /* NotificationService.swift */ = {isa = PBXFileReference; lastKnownFileType = sourcecode.swift; path = NotificationService.swift; sourceTree = "<group>"; };
		1F8DB88FAFBA495DA005497A /* WidgetSnapshotStore.swift */ = {isa = PBXFileReference; lastKnownFileType = sourcecode.swift; path = WidgetSnapshotStore.swift; sourceTree = "<group>"; };
		F265DEA77A6B419180FE4EB5 /* DateHelpers.swift */ = {isa = PBXFileReference; lastKnownFileType = sourcecode.swift; path = DateHelpers.swift; sourceTree = "<group>"; };
		8DA1D3F43BAF427DB27E455F /* Haptics.swift */ = {isa = PBXFileReference; lastKnownFileType = sourcecode.swift; path = Haptics.swift; sourceTree = "<group>"; };
		F9DFC22538DB47B5BA26D601 /* Keyboard.swift */ = {isa = PBXFileReference; lastKnownFileType = sourcecode.swift; path = Keyboard.swift; sourceTree = "<group>"; };
		2A5FEE413D014887BD5301C9 /* MoneyFormatters.swift */ = {isa = PBXFileReference; lastKnownFileType = sourcecode.swift; path = MoneyFormatters.swift; sourceTree = "<group>"; };
		0508E4B4D7FE4CE7B7FFECBC /* PennyAppInfo.swift */ = {isa = PBXFileReference; lastKnownFileType = sourcecode.swift; path = PennyAppInfo.swift; sourceTree = "<group>"; };
		A68EA2BA48274D5E89456D8D /* ApplePayCaptureLogicTests.swift */ = {isa = PBXFileReference; lastKnownFileType = sourcecode.swift; path = ApplePayCaptureLogicTests.swift; sourceTree = "<group>"; };
		D1B657F7A7B24B47A2CC7504 /* ApplePayCaptureServiceTests.swift */ = {isa = PBXFileReference; lastKnownFileType = sourcecode.swift; path = ApplePayCaptureServiceTests.swift; sourceTree = "<group>"; };
		9E3D86CDAAB9495BAA1E8A39 /* ApplePayShortcutsGuideTests.swift */ = {isa = PBXFileReference; lastKnownFileType = sourcecode.swift; path = ApplePayShortcutsGuideTests.swift; sourceTree = "<group>"; };
		65816A3CB1744D7781076BB1 /* FinanceCalculatorTests.swift */ = {isa = PBXFileReference; lastKnownFileType = sourcecode.swift; path = FinanceCalculatorTests.swift; sourceTree = "<group>"; };
		B11A1C46ADF3447CB845A403 /* PennyWidgetsBundle.swift */ = {isa = PBXFileReference; lastKnownFileType = sourcecode.swift; path = PennyWidgetsBundle.swift; sourceTree = "<group>"; };
		6EC3E69226B646B485F8EBCD /* SafeToSpendWidget.swift */ = {isa = PBXFileReference; lastKnownFileType = sourcecode.swift; path = SafeToSpendWidget.swift; sourceTree = "<group>"; };
		57A2151C75EB4EDCBF71FCCF /* UpcomingReminderWidget.swift */ = {isa = PBXFileReference; lastKnownFileType = sourcecode.swift; path = UpcomingReminderWidget.swift; sourceTree = "<group>"; };
		8C91A9130009493383615BA8 /* WidgetSnapshotBridge.swift */ = {isa = PBXFileReference; lastKnownFileType = sourcecode.swift; path = WidgetSnapshotBridge.swift; sourceTree = "<group>"; };
		40C70FC4C32746E48A01E5FE /* Assets.xcassets */ = {isa = PBXFileReference; lastKnownFileType = folder.assetcatalog; path = Assets.xcassets; sourceTree = "<group>"; };
/* End PBXFileReference section */

/* Begin PBXFrameworksBuildPhase section */
		A1000000000000000000000D /* Frameworks */ = {
			isa = PBXFrameworksBuildPhase;
			buildActionMask = 2147483647;
			files = (
			);
			runOnlyForDeploymentPostprocessing = 0;
		};
		A1000000000000000000001E /* Frameworks */ = {
			isa = PBXFrameworksBuildPhase;
			buildActionMask = 2147483647;
			files = (
			);
			runOnlyForDeploymentPostprocessing = 0;
		};
		A1000000000000000000000E /* Frameworks */ = {
			isa = PBXFrameworksBuildPhase;
			buildActionMask = 2147483647;
			files = (
				CF08CCF44E7844529A93C350 /* Penny.app in Frameworks */,
			);
			runOnlyForDeploymentPostprocessing = 0;
		};
/* End PBXFrameworksBuildPhase section */

/* Begin PBXGroup section */
		A10000000000000000000002 = {
			isa = PBXGroup;
			children = (
				A10000000000000000000004 /* Penny */,
				A1000000000000000000001A /* PennyWidgets */,
				A10000000000000000000005 /* PennyTests */,
				A10000000000000000000003 /* Products */,
			);
			sourceTree = "<group>";
		};
		A10000000000000000000003 /* Products */ = {
			isa = PBXGroup;
			children = (
				A10000000000000000000008 /* Penny.app */,
				A1000000000000000000001C /* PennyWidgets.appex */,
				A10000000000000000000009 /* PennyTests.xctest */,
			);
			name = Products;
			sourceTree = "<group>";
		};
		A10000000000000000000004 /* Penny */ = {
			isa = PBXGroup;
			children = (
				33AEAF3D300D4D5193125AD0 /* App */,
				F994F4945F7C492E88168449 /* Components */,
				C3BE37AE42424DB189DFE1BC /* DesignSystem */,
				DC98DEEA64C34B5E95C517E8 /* Features */,
				37834B02C2124017BFABB91C /* Intents */,
				85387BE445FE4D679F821AB1 /* Models */,
				A10000000000000000000027 /* Penny.entitlements */,
				ADFEC7B624B04FE09337E193 /* Persistence */,
				D75E88D90E1F4472B61B5225 /* Resources */,
				2FC2AC3CCFE04A64B8759743 /* Services */,
				150B46CDCDFD4D0F9FAEE9DD /* Utilities */,
			);
			path = Penny;
			sourceTree = "<group>";
		};
		33AEAF3D300D4D5193125AD0 /* App */ = {
			isa = PBXGroup;
			children = (
				5ADD407C77F647C09B61B6BD /* PennyApp.swift */,
			);
			path = App;
			sourceTree = "<group>";
		};
		F994F4945F7C492E88168449 /* Components */ = {
			isa = PBXGroup;
			children = (
				B9988FA9D47C490A86D20367 /* PennyComponents.swift */,
			);
			path = Components;
			sourceTree = "<group>";
		};
		C3BE37AE42424DB189DFE1BC /* DesignSystem */ = {
			isa = PBXGroup;
			children = (
				95F2DB51CEED47EEBFE2DA84 /* PennyButtonStyles.swift */,
				CAB6CBF8502C409ABDB289B0 /* PennyColors.swift */,
				20FECA948C004EBBA888EB94 /* PennySpacing.swift */,
				3EE7DE298C93484EAA3254AD /* PennyTypography.swift */,
			);
			path = DesignSystem;
			sourceTree = "<group>";
		};
		DC98DEEA64C34B5E95C517E8 /* Features */ = {
			isa = PBXGroup;
			children = (
				E460F799FAA445DB99B048DE /* Activity */,
				99AC910E36D2463B990765B9 /* Budget */,
				A246ED2EC0F1466DAB1989C3 /* Home */,
				A6A7CD6EEB3A4D818109FA7A /* Onboarding */,
				C3A61907C6DF4D10890472CC /* Plan */,
				8478338EF5A34B3B84AF832D /* Settings */,
			);
			path = Features;
			sourceTree = "<group>";
		};
		E460F799FAA445DB99B048DE /* Activity */ = {
			isa = PBXGroup;
			children = (
				4D339FE0654A4F10AA14B71B /* ActivityView.swift */,
			);
			path = Activity;
			sourceTree = "<group>";
		};
		99AC910E36D2463B990765B9 /* Budget */ = {
			isa = PBXGroup;
			children = (
				73FCDADAD4AC47969AC7903C /* BudgetView.swift */,
			);
			path = Budget;
			sourceTree = "<group>";
		};
		A246ED2EC0F1466DAB1989C3 /* Home */ = {
			isa = PBXGroup;
			children = (
				94E10706C0414AA48C7F7582 /* HomeView.swift */,
			);
			path = Home;
			sourceTree = "<group>";
		};
		A6A7CD6EEB3A4D818109FA7A /* Onboarding */ = {
			isa = PBXGroup;
			children = (
				54BE14BE1F8E4363BD6CF55D /* OnboardingView.swift */,
			);
			path = Onboarding;
			sourceTree = "<group>";
		};
		C3A61907C6DF4D10890472CC /* Plan */ = {
			isa = PBXGroup;
			children = (
				895F2E21B2DB41D79AE74F4F /* PlanView.swift */,
			);
			path = Plan;
			sourceTree = "<group>";
		};
		8478338EF5A34B3B84AF832D /* Settings */ = {
			isa = PBXGroup;
			children = (
				4B0EB3DE4481460B9A40461B /* ApplePayCaptureSetupView.swift */,
				710E5CA5E377412DBB3C0108 /* SettingsView.swift */,
			);
			path = Settings;
			sourceTree = "<group>";
		};
		37834B02C2124017BFABB91C /* Intents */ = {
			isa = PBXGroup;
			children = (
				5816223D4CA84AEDAC9AE5DF /* LogApplePayPurchaseIntent.swift */,
			);
			path = Intents;
			sourceTree = "<group>";
		};
		85387BE445FE4D679F821AB1 /* Models */ = {
			isa = PBXGroup;
			children = (
				FFD11232938145F2ADE16B29 /* Models.swift */,
			);
			path = Models;
			sourceTree = "<group>";
		};
		ADFEC7B624B04FE09337E193 /* Persistence */ = {
			isa = PBXGroup;
			children = (
				13F28D3D8C5243FC9A175C6D /* PennyPersistence.swift */,
			);
			path = Persistence;
			sourceTree = "<group>";
		};
		D75E88D90E1F4472B61B5225 /* Resources */ = {
			isa = PBXGroup;
			children = (
				40C70FC4C32746E48A01E5FE /* Assets.xcassets */,
			);
			path = Resources;
			sourceTree = "<group>";
		};
		2FC2AC3CCFE04A64B8759743 /* Services */ = {
			isa = PBXGroup;
			children = (
				279C7E1AD7CF40F8BF997D8A /* ApplePayCaptureLogic.swift */,
				11FF17E3D7474AF18D7F2BE0 /* ApplePayCaptureService.swift */,
				190F1B76EAF4445D924EA2AC /* AppSession.swift */,
				8652F8C48E97482E9F91B61F /* BudgetPlanning.swift */,
				F03E97D8982F4618B6AB50AC /* DemoDataService.swift */,
				A64C366752CE4804A90249DC /* FinanceCalculator.swift */,
				C6A930819FCB4F02B4B47AE3 /* InsightEngine.swift */,
				9305D8D5478444EF9E6B7A6D /* NotificationService.swift */,
				1F8DB88FAFBA495DA005497A /* WidgetSnapshotStore.swift */,
			);
			path = Services;
			sourceTree = "<group>";
		};
		150B46CDCDFD4D0F9FAEE9DD /* Utilities */ = {
			isa = PBXGroup;
			children = (
				F265DEA77A6B419180FE4EB5 /* DateHelpers.swift */,
				8DA1D3F43BAF427DB27E455F /* Haptics.swift */,
				F9DFC22538DB47B5BA26D601 /* Keyboard.swift */,
				2A5FEE413D014887BD5301C9 /* MoneyFormatters.swift */,
				0508E4B4D7FE4CE7B7FFECBC /* PennyAppInfo.swift */,
			);
			path = Utilities;
			sourceTree = "<group>";
		};
		A10000000000000000000005 /* PennyTests */ = {
			isa = PBXGroup;
			children = (
				A68EA2BA48274D5E89456D8D /* ApplePayCaptureLogicTests.swift */,
				D1B657F7A7B24B47A2CC7504 /* ApplePayCaptureServiceTests.swift */,
				9E3D86CDAAB9495BAA1E8A39 /* ApplePayShortcutsGuideTests.swift */,
				65816A3CB1744D7781076BB1 /* FinanceCalculatorTests.swift */,
			);
			path = PennyTests;
			sourceTree = "<group>";
		};
		A1000000000000000000001A /* PennyWidgets */ = {
			isa = PBXGroup;
			children = (
				A10000000000000000000029 /* Info.plist */,
				A10000000000000000000028 /* PennyWidgets.entitlements */,
				B11A1C46ADF3447CB845A403 /* PennyWidgetsBundle.swift */,
				6EC3E69226B646B485F8EBCD /* SafeToSpendWidget.swift */,
				57A2151C75EB4EDCBF71FCCF /* UpcomingReminderWidget.swift */,
				8C91A9130009493383615BA8 /* WidgetSnapshotBridge.swift */,
			);
			path = PennyWidgets;
			sourceTree = "<group>";
		};
/* End PBXGroup section */

/* Begin PBXNativeTarget section */
		A10000000000000000000006 /* Penny */ = {
			isa = PBXNativeTarget;
			buildConfigurationList = A10000000000000000000012 /* Build configuration list for PBXNativeTarget "Penny" */;
			buildPhases = (
				A1000000000000000000000A /* Sources */,
				A1000000000000000000000D /* Frameworks */,
				A1000000000000000000000C /* Resources */,
				A10000000000000000000023 /* Embed Foundation Extensions */,
			);
			buildRules = (
			);
			dependencies = (
				A10000000000000000000024 /* PBXTargetDependency */,
			);
			name = Penny;
			productName = Penny;
			productReference = A10000000000000000000008 /* Penny.app */;
			productType = "com.apple.product-type.application";
		};
		A1000000000000000000001B /* PennyWidgets */ = {
			isa = PBXNativeTarget;
			buildConfigurationList = A10000000000000000000020 /* Build configuration list for PBXNativeTarget "PennyWidgets" */;
			buildPhases = (
				A1000000000000000000001D /* Sources */,
				A1000000000000000000001E /* Frameworks */,
				A1000000000000000000001F /* Resources */,
			);
			buildRules = (
			);
			dependencies = (
			);
			name = PennyWidgets;
			productName = PennyWidgets;
			productReference = A1000000000000000000001C /* PennyWidgets.appex */;
			productType = "com.apple.product-type.app-extension";
		};
		A10000000000000000000007 /* PennyTests */ = {
			isa = PBXNativeTarget;
			buildConfigurationList = A10000000000000000000013 /* Build configuration list for PBXNativeTarget "PennyTests" */;
			buildPhases = (
				A1000000000000000000000B /* Sources */,
				A1000000000000000000000E /* Frameworks */,
			);
			buildRules = (
			);
			dependencies = (
				A1000000000000000000000F /* PBXTargetDependency */,
			);
			name = PennyTests;
			productName = PennyTests;
			productReference = A10000000000000000000009 /* PennyTests.xctest */;
			productType = "com.apple.product-type.bundle.unit-test";
		};
/* End PBXNativeTarget section */

/* Begin PBXProject section */
		A10000000000000000000001 /* Project object */ = {
			isa = PBXProject;
			attributes = {
				BuildIndependentTargetsInParallel = 1;
				LastSwiftUpdateCheck = 1600;
				LastUpgradeCheck = 1600;
				TargetAttributes = {
					A10000000000000000000006 = {
						CreatedOnToolsVersion = 16.0;
					};
					A1000000000000000000001B = {
						CreatedOnToolsVersion = 16.0;
					};
					A10000000000000000000007 = {
						CreatedOnToolsVersion = 16.0;
						TestTargetID = A10000000000000000000006;
					};
				};
			};
			buildConfigurationList = A10000000000000000000011 /* Build configuration list for PBXProject "Penny" */;
			compatibilityVersion = "Xcode 15.0";
			developmentRegion = en;
			hasScannedForEncodings = 0;
			knownRegions = (
				en,
				Base,
			);
			mainGroup = A10000000000000000000002;
			productRefGroup = A10000000000000000000003 /* Products */;
			projectDirPath = "";
			projectRoot = "";
			targets = (
				A10000000000000000000006 /* Penny */,
				A1000000000000000000001B /* PennyWidgets */,
				A10000000000000000000007 /* PennyTests */,
			);
		};
/* End PBXProject section */

/* Begin PBXResourcesBuildPhase section */
		A1000000000000000000000C /* Resources */ = {
			isa = PBXResourcesBuildPhase;
			buildActionMask = 2147483647;
			files = (
				DAAB0926F770419C9AAF319C /* Assets.xcassets in Resources */,
			);
			runOnlyForDeploymentPostprocessing = 0;
		};
		A1000000000000000000001F /* Resources */ = {
			isa = PBXResourcesBuildPhase;
			buildActionMask = 2147483647;
			files = (
			);
			runOnlyForDeploymentPostprocessing = 0;
		};
/* End PBXResourcesBuildPhase section */

/* Begin PBXSourcesBuildPhase section */
		A1000000000000000000000A /* Sources */ = {
			isa = PBXSourcesBuildPhase;
			buildActionMask = 2147483647;
			files = (
				6940A4A0E31D43FDAA10A197 /* PennyApp.swift in Sources */,
				DA2C2D94D9FA4AD8B2F36AAB /* PennyComponents.swift in Sources */,
				57CB2965844E4AEEB5F845CA /* PennyButtonStyles.swift in Sources */,
				8E01E2489DB34D649D11FD72 /* PennyColors.swift in Sources */,
				043A5E68FC2243D4972E3758 /* PennySpacing.swift in Sources */,
				391D642756EE4FF08034B9F1 /* PennyTypography.swift in Sources */,
				6206064975B941EFA9F598BD /* ActivityView.swift in Sources */,
				0E8B0022088640DAA483A64D /* BudgetView.swift in Sources */,
				152845BFC80A4689A603281B /* HomeView.swift in Sources */,
				DF49315D529045F98017DA08 /* OnboardingView.swift in Sources */,
				C4E09D564E6843E9BEF9CA3A /* PlanView.swift in Sources */,
				6F254ED0F3064B1A911A4F35 /* ApplePayCaptureSetupView.swift in Sources */,
				F1B16F00C7704942A80B9AAD /* SettingsView.swift in Sources */,
				7621D58B373842E6B6248446 /* LogApplePayPurchaseIntent.swift in Sources */,
				35345AA5B6534C0CA085E0B4 /* Models.swift in Sources */,
				81703F41B54F4FFAABAA6899 /* PennyPersistence.swift in Sources */,
				D0CD9FB81B5648A6A49FD3D7 /* AppSession.swift in Sources */,
				B72C9964977342638AFF5DE8 /* ApplePayCaptureLogic.swift in Sources */,
				57337FA7C0FE4F759D29D2F6 /* ApplePayCaptureService.swift in Sources */,
				5A764B655B6243DE935E6C71 /* BudgetPlanning.swift in Sources */,
				4AC62D9A70D54DD78FCDE8CE /* DemoDataService.swift in Sources */,
				CF6E1116A00348478E63155F /* FinanceCalculator.swift in Sources */,
				796FC76175524BF1B0B1DE4E /* InsightEngine.swift in Sources */,
				2234F63EC55C4F2EA2444C46 /* NotificationService.swift in Sources */,
				7A1B3C680CD54EEDA1FD2D68 /* WidgetSnapshotStore.swift in Sources */,
				81D65D4EAD7B4E9D9910AF15 /* DateHelpers.swift in Sources */,
				A1AEA59D9D304124BC73FC9D /* Haptics.swift in Sources */,
				AD8E0CBD12F44896AFCE8B71 /* Keyboard.swift in Sources */,
				45DC376E8D094FB0BCD802F9 /* MoneyFormatters.swift in Sources */,
				CDDD5783741C4D3C8AF452C3 /* PennyAppInfo.swift in Sources */,
			);
			runOnlyForDeploymentPostprocessing = 0;
		};
		A1000000000000000000001D /* Sources */ = {
			isa = PBXSourcesBuildPhase;
			buildActionMask = 2147483647;
			files = (
				D9BDC3BAD4B7475F9332617B /* PennyWidgetsBundle.swift in Sources */,
				6B81919865A24DDEBD9C3C80 /* SafeToSpendWidget.swift in Sources */,
				E1F95BAD946240FBA3F8D959 /* UpcomingReminderWidget.swift in Sources */,
				321F6CCBE2B94FF8AA733B16 /* WidgetSnapshotBridge.swift in Sources */,
			);
			runOnlyForDeploymentPostprocessing = 0;
		};
		A1000000000000000000000B /* Sources */ = {
			isa = PBXSourcesBuildPhase;
			buildActionMask = 2147483647;
			files = (
				376E79071651424DBD0EA93C /* ApplePayCaptureLogicTests.swift in Sources */,
				90795C58C74F4F44867B5300 /* ApplePayCaptureServiceTests.swift in Sources */,
				C3571B38BC034BA28942B1A8 /* ApplePayShortcutsGuideTests.swift in Sources */,
				E78ADE11B1F04DCEAB09D519 /* FinanceCalculatorTests.swift in Sources */,
			);
			runOnlyForDeploymentPostprocessing = 0;
		};
/* End PBXSourcesBuildPhase section */

/* Begin PBXTargetDependency section */
		A1000000000000000000000F /* PBXTargetDependency */ = {
			isa = PBXTargetDependency;
			target = A10000000000000000000006 /* Penny */;
			targetProxy = A10000000000000000000010 /* PBXContainerItemProxy */;
		};
		A10000000000000000000024 /* PBXTargetDependency */ = {
			isa = PBXTargetDependency;
			target = A1000000000000000000001B /* PennyWidgets */;
			targetProxy = A10000000000000000000025 /* PBXContainerItemProxy */;
		};
/* End PBXTargetDependency section */

/* Begin XCBuildConfiguration section */
		A10000000000000000000014 /* Debug */ = {
			isa = XCBuildConfiguration;
			buildSettings = {

				ALWAYS_SEARCH_USER_PATHS = NO;
				CLANG_ENABLE_MODULES = YES;
				CLANG_ENABLE_OBJC_ARC = YES;
				COPY_PHASE_STRIP = NO;
				DEBUG_INFORMATION_FORMAT = dwarf;
				ENABLE_STRICT_OBJC_MSGSEND = YES;
				ENABLE_TESTABILITY = YES;
				GCC_DYNAMIC_NO_PIC = NO;
				GCC_OPTIMIZATION_LEVEL = 0;
				MTL_ENABLE_DEBUG_INFO = INCLUDE_SOURCE;
				ONLY_ACTIVE_ARCH = YES;
				SDKROOT = iphoneos;
				SWIFT_ACTIVE_COMPILATION_CONDITIONS = "DEBUG $(inherited)";
				SWIFT_OPTIMIZATION_LEVEL = "-Onone";
				SWIFT_VERSION = 5.0;

				IPHONEOS_DEPLOYMENT_TARGET = 17.0;

			};
			name = Debug;
		};
		A10000000000000000000015 /* Release */ = {
			isa = XCBuildConfiguration;
			buildSettings = {

				ALWAYS_SEARCH_USER_PATHS = NO;
				CLANG_ENABLE_MODULES = YES;
				CLANG_ENABLE_OBJC_ARC = YES;
				COPY_PHASE_STRIP = NO;
				DEBUG_INFORMATION_FORMAT = "dwarf-with-dsym";
				ENABLE_NS_ASSERTIONS = NO;
				ENABLE_STRICT_OBJC_MSGSEND = YES;
				MTL_ENABLE_DEBUG_INFO = NO;
				SDKROOT = iphoneos;
				SWIFT_COMPILATION_MODE = wholemodule;
				SWIFT_VERSION = 5.0;
				VALIDATE_PRODUCT = YES;

				IPHONEOS_DEPLOYMENT_TARGET = 17.0;

			};
			name = Release;
		};
		A10000000000000000000016 /* Debug */ = {
			isa = XCBuildConfiguration;
			buildSettings = {

				ASSETCATALOG_COMPILER_APPICON_NAME = AppIcon;
				ASSETCATALOG_COMPILER_GLOBAL_ACCENT_COLOR_NAME = AccentColor;
				CODE_SIGN_ENTITLEMENTS = Penny/Penny.entitlements;
				CODE_SIGN_STYLE = Automatic;
				CURRENT_PROJECT_VERSION = 3;
				DEVELOPMENT_TEAM = 2YJ478267N;
				ENABLE_PREVIEWS = YES;
				GENERATE_INFOPLIST_FILE = YES;
				INFOPLIST_KEY_CFBundleDisplayName = Penny;
				INFOPLIST_KEY_ITSAppUsesNonExemptEncryption = NO;
				INFOPLIST_KEY_LSApplicationCategoryType = "public.app-category.finance";
				INFOPLIST_KEY_NSUserNotificationsUsageDescription = "Penny can remind you before bills are due.";
				INFOPLIST_KEY_UIApplicationSceneManifest_Generation = YES;
				INFOPLIST_KEY_UIApplicationSupportsIndirectInputEvents = YES;
				INFOPLIST_KEY_UILaunchScreen_Generation = YES;
				INFOPLIST_KEY_UISupportedInterfaceOrientations = UIInterfaceOrientationPortrait;
				LD_RUNPATH_SEARCH_PATHS = (
					"$(inherited)",
					"@executable_path/Frameworks",
				);
				MARKETING_VERSION = 1.0.1;
				PRODUCT_BUNDLE_IDENTIFIER = com.mayooran.penny;
				PRODUCT_NAME = "$(TARGET_NAME)";
				SUPPORTED_PLATFORMS = "iphoneos iphonesimulator";
				SUPPORTS_MACCATALYST = NO;
				SWIFT_EMIT_LOC_STRINGS = YES;
				SWIFT_VERSION = 5.0;
				TARGETED_DEVICE_FAMILY = 1;

				IPHONEOS_DEPLOYMENT_TARGET = 17.0;

			};
			name = Debug;
		};
		A10000000000000000000017 /* Release */ = {
			isa = XCBuildConfiguration;
			buildSettings = {

				ASSETCATALOG_COMPILER_APPICON_NAME = AppIcon;
				ASSETCATALOG_COMPILER_GLOBAL_ACCENT_COLOR_NAME = AccentColor;
				CODE_SIGN_ENTITLEMENTS = Penny/Penny.entitlements;
				CODE_SIGN_STYLE = Automatic;
				CURRENT_PROJECT_VERSION = 3;
				DEVELOPMENT_TEAM = 2YJ478267N;
				ENABLE_PREVIEWS = YES;
				GENERATE_INFOPLIST_FILE = YES;
				INFOPLIST_KEY_CFBundleDisplayName = Penny;
				INFOPLIST_KEY_ITSAppUsesNonExemptEncryption = NO;
				INFOPLIST_KEY_LSApplicationCategoryType = "public.app-category.finance";
				INFOPLIST_KEY_NSUserNotificationsUsageDescription = "Penny can remind you before bills are due.";
				INFOPLIST_KEY_UIApplicationSceneManifest_Generation = YES;
				INFOPLIST_KEY_UIApplicationSupportsIndirectInputEvents = YES;
				INFOPLIST_KEY_UILaunchScreen_Generation = YES;
				INFOPLIST_KEY_UISupportedInterfaceOrientations = UIInterfaceOrientationPortrait;
				LD_RUNPATH_SEARCH_PATHS = (
					"$(inherited)",
					"@executable_path/Frameworks",
				);
				MARKETING_VERSION = 1.0.1;
				PRODUCT_BUNDLE_IDENTIFIER = com.mayooran.penny;
				PRODUCT_NAME = "$(TARGET_NAME)";
				SUPPORTED_PLATFORMS = "iphoneos iphonesimulator";
				SUPPORTS_MACCATALYST = NO;
				SWIFT_EMIT_LOC_STRINGS = YES;
				SWIFT_VERSION = 5.0;
				TARGETED_DEVICE_FAMILY = 1;

				IPHONEOS_DEPLOYMENT_TARGET = 17.0;

			};
			name = Release;
		};
		A10000000000000000000021 /* Debug */ = {
			isa = XCBuildConfiguration;
			buildSettings = {

				CODE_SIGN_ENTITLEMENTS = PennyWidgets/PennyWidgets.entitlements;
				CODE_SIGN_STYLE = Automatic;
				CURRENT_PROJECT_VERSION = 3;
				DEVELOPMENT_TEAM = 2YJ478267N;
				GENERATE_INFOPLIST_FILE = YES;
				INFOPLIST_FILE = PennyWidgets/Info.plist;
				INFOPLIST_KEY_CFBundleDisplayName = Penny;
				INFOPLIST_KEY_NSHumanReadableCopyright = "";
				LD_RUNPATH_SEARCH_PATHS = (
					"$(inherited)",
					"@executable_path/Frameworks",
					"@executable_path/../../Frameworks",
				);
				MARKETING_VERSION = 1.0.1;
				PRODUCT_BUNDLE_IDENTIFIER = com.mayooran.penny.widgets;
				PRODUCT_NAME = PennyWidgets;
				SKIP_INSTALL = NO;
				SUPPORTED_PLATFORMS = "iphoneos iphonesimulator";
				SUPPORTS_MACCATALYST = NO;
				SWIFT_EMIT_LOC_STRINGS = YES;
				SWIFT_VERSION = 5.0;
				TARGETED_DEVICE_FAMILY = 1;

				IPHONEOS_DEPLOYMENT_TARGET = 17.0;

			};
			name = Debug;
		};
		A10000000000000000000022 /* Release */ = {
			isa = XCBuildConfiguration;
			buildSettings = {

				CODE_SIGN_ENTITLEMENTS = PennyWidgets/PennyWidgets.entitlements;
				CODE_SIGN_STYLE = Automatic;
				CURRENT_PROJECT_VERSION = 3;
				DEVELOPMENT_TEAM = 2YJ478267N;
				GENERATE_INFOPLIST_FILE = YES;
				INFOPLIST_FILE = PennyWidgets/Info.plist;
				INFOPLIST_KEY_CFBundleDisplayName = Penny;
				INFOPLIST_KEY_NSHumanReadableCopyright = "";
				LD_RUNPATH_SEARCH_PATHS = (
					"$(inherited)",
					"@executable_path/Frameworks",
					"@executable_path/../../Frameworks",
				);
				MARKETING_VERSION = 1.0.1;
				PRODUCT_BUNDLE_IDENTIFIER = com.mayooran.penny.widgets;
				PRODUCT_NAME = PennyWidgets;
				SKIP_INSTALL = NO;
				SUPPORTED_PLATFORMS = "iphoneos iphonesimulator";
				SUPPORTS_MACCATALYST = NO;
				SWIFT_EMIT_LOC_STRINGS = YES;
				SWIFT_VERSION = 5.0;
				TARGETED_DEVICE_FAMILY = 1;

				IPHONEOS_DEPLOYMENT_TARGET = 17.0;

			};
			name = Release;
		};
		A10000000000000000000018 /* Debug */ = {
			isa = XCBuildConfiguration;
			buildSettings = {

				BUNDLE_LOADER = "$(TEST_HOST)";
				CODE_SIGN_STYLE = Automatic;
				CURRENT_PROJECT_VERSION = 3;
				GENERATE_INFOPLIST_FILE = YES;
				MARKETING_VERSION = 1.0.1;
				PRODUCT_BUNDLE_IDENTIFIER = com.mayooran.penny.tests;
				PRODUCT_NAME = "$(TARGET_NAME)";
				SWIFT_VERSION = 5.0;
				TARGETED_DEVICE_FAMILY = 1;
				TEST_HOST = "$(BUILT_PRODUCTS_DIR)/Penny.app/$(BUNDLE_EXECUTABLE_FOLDER_PATH)/Penny";

				IPHONEOS_DEPLOYMENT_TARGET = 17.0;

			};
			name = Debug;
		};
		A10000000000000000000019 /* Release */ = {
			isa = XCBuildConfiguration;
			buildSettings = {

				BUNDLE_LOADER = "$(TEST_HOST)";
				CODE_SIGN_STYLE = Automatic;
				CURRENT_PROJECT_VERSION = 3;
				GENERATE_INFOPLIST_FILE = YES;
				MARKETING_VERSION = 1.0.1;
				PRODUCT_BUNDLE_IDENTIFIER = com.mayooran.penny.tests;
				PRODUCT_NAME = "$(TARGET_NAME)";
				SWIFT_VERSION = 5.0;
				TARGETED_DEVICE_FAMILY = 1;
				TEST_HOST = "$(BUILT_PRODUCTS_DIR)/Penny.app/$(BUNDLE_EXECUTABLE_FOLDER_PATH)/Penny";

				IPHONEOS_DEPLOYMENT_TARGET = 17.0;

			};
			name = Release;
		};
/* End XCBuildConfiguration section */

/* Begin XCConfigurationList section */
		A10000000000000000000011 /* Build configuration list for PBXProject "Penny" */ = {
			isa = XCConfigurationList;
			buildConfigurations = (
				A10000000000000000000014 /* Debug */,
				A10000000000000000000015 /* Release */,
			);
			defaultConfigurationIsVisible = 0;
			defaultConfigurationName = Release;
		};
		A10000000000000000000012 /* Build configuration list for PBXNativeTarget "Penny" */ = {
			isa = XCConfigurationList;
			buildConfigurations = (
				A10000000000000000000016 /* Debug */,
				A10000000000000000000017 /* Release */,
			);
			defaultConfigurationIsVisible = 0;
			defaultConfigurationName = Release;
		};
		A10000000000000000000020 /* Build configuration list for PBXNativeTarget "PennyWidgets" */ = {
			isa = XCConfigurationList;
			buildConfigurations = (
				A10000000000000000000021 /* Debug */,
				A10000000000000000000022 /* Release */,
			);
			defaultConfigurationIsVisible = 0;
			defaultConfigurationName = Release;
		};
		A10000000000000000000013 /* Build configuration list for PBXNativeTarget "PennyTests" */ = {
			isa = XCConfigurationList;
			buildConfigurations = (
				A10000000000000000000018 /* Debug */,
				A10000000000000000000019 /* Release */,
			);
			defaultConfigurationIsVisible = 0;
			defaultConfigurationName = Release;
		};
/* End XCConfigurationList section */
	};
	rootObject = A10000000000000000000001 /* Project object */;
}
