// !$*UTF8*$!
{
	archiveVersion = 1;
	classes = {};
	objectVersion = 56;
	objects = {

/* Begin PBXBuildFile section */
		B25539818C864B559330FEFB /* PennyApp.swift in Sources */ = {isa = PBXBuildFile; fileRef = 00A6921A88FA4A429E33DEBE /* PennyApp.swift */; };
		20BD85309EDB4FD4B0FA60F8 /* ActivityShareSheet.swift in Sources */ = {isa = PBXBuildFile; fileRef = FAAEB69DB81644D8B4AF5727 /* ActivityShareSheet.swift */; };
		281022847ED44887B30E08B7 /* LegalDisclaimer.swift in Sources */ = {isa = PBXBuildFile; fileRef = C8758036F0944682A8080400 /* LegalDisclaimer.swift */; };
		2F9EC4DEC1054E79B249D073 /* PennyComponents.swift in Sources */ = {isa = PBXBuildFile; fileRef = 324979C9349244368E5B1DAE /* PennyComponents.swift */; };
		23DD241A331447DBAFAA3370 /* AccentTheme.swift in Sources */ = {isa = PBXBuildFile; fileRef = 64505488B36947418D70A7A6 /* AccentTheme.swift */; };
		29202B847FBB4E36975F37F7 /* PennyButtonStyles.swift in Sources */ = {isa = PBXBuildFile; fileRef = 4AD92AF43D5143DF810DB55D /* PennyButtonStyles.swift */; };
		AFE464A2712046BA99E29BB0 /* PennyColors.swift in Sources */ = {isa = PBXBuildFile; fileRef = DA95D4AF8C1C4785B17A7E81 /* PennyColors.swift */; };
		62355CBDE9C04BB3B7F99F71 /* PennySpacing.swift in Sources */ = {isa = PBXBuildFile; fileRef = 7BF0F73C9EB740D8850959AC /* PennySpacing.swift */; };
		05255C6C258342BC8F584E48 /* PennyTypography.swift in Sources */ = {isa = PBXBuildFile; fileRef = E600D86579644C3BBC252A39 /* PennyTypography.swift */; };
		8C2936978791445292FC55D8 /* ActivityView.swift in Sources */ = {isa = PBXBuildFile; fileRef = 18D8914071FD49F49C438E8C /* ActivityView.swift */; };
		C503145147EC458FA3EF9870 /* BudgetView.swift in Sources */ = {isa = PBXBuildFile; fileRef = BDC2836D0D1D47C49499AEDC /* BudgetView.swift */; };
		A024121DD4AF4D548A0B309B /* HomeView.swift in Sources */ = {isa = PBXBuildFile; fileRef = 60BB7EE47A6844E59A1D9058 /* HomeView.swift */; };
		4D689FF272A648A7A0A0AA1B /* FeatureWalkthroughView.swift in Sources */ = {isa = PBXBuildFile; fileRef = 35D11ABAE66C49DDA8F46F22 /* FeatureWalkthroughView.swift */; };
		91FED4D81C394930A252D508 /* OnboardingView.swift in Sources */ = {isa = PBXBuildFile; fileRef = 7C12AD7AEC014ECE85FD4336 /* OnboardingView.swift */; };
		3F758FEA8B6047D2BB4C4DE1 /* PlanView.swift in Sources */ = {isa = PBXBuildFile; fileRef = 2EB48553827940109FE05E05 /* PlanView.swift */; };
		73327873D52D4D699D43826F /* ApplePayCaptureSetupView.swift in Sources */ = {isa = PBXBuildFile; fileRef = 9C3101394CFD462BAF3F50A4 /* ApplePayCaptureSetupView.swift */; };
		9852EF14949C48E5AE4FCC34 /* SettingsView.swift in Sources */ = {isa = PBXBuildFile; fileRef = ECEF15A623E6461E95C68A1B /* SettingsView.swift */; };
		DF39A678E8D944EFB3820F9C /* LogApplePayPurchaseIntent.swift in Sources */ = {isa = PBXBuildFile; fileRef = 7F3F39701689471789921A8E /* LogApplePayPurchaseIntent.swift */; };
		294C6B68C0D8423A9D017C1C /* Models.swift in Sources */ = {isa = PBXBuildFile; fileRef = 4603A1C0D8A44B7FB8C6C894 /* Models.swift */; };
		F548DB86304A48A59A075F63 /* PennyPersistence.swift in Sources */ = {isa = PBXBuildFile; fileRef = EB243C17C5104860B8E726BD /* PennyPersistence.swift */; };
		C3CB17079728420899D59E5D /* AppSession.swift in Sources */ = {isa = PBXBuildFile; fileRef = 842399F19A6242E9B58C73E6 /* AppSession.swift */; };
		E7BE3480DD9741A0ABBD1B63 /* ApplePayCaptureLogic.swift in Sources */ = {isa = PBXBuildFile; fileRef = 1F96847266B14767A57ED839 /* ApplePayCaptureLogic.swift */; };
		5666A7AF68E042F49084660B /* ApplePayCaptureService.swift in Sources */ = {isa = PBXBuildFile; fileRef = 7C4944CECDB64947ACD69280 /* ApplePayCaptureService.swift */; };
		D249CAF92B7A42A0B0511B92 /* BillPaymentCycle.swift in Sources */ = {isa = PBXBuildFile; fileRef = 256A95C14BA440A696A049F1 /* BillPaymentCycle.swift */; };
		68132F125560457B96742278 /* BudgetPlanning.swift in Sources */ = {isa = PBXBuildFile; fileRef = 4BABAB8803BA4A24AED94E09 /* BudgetPlanning.swift */; };
		B8F5EAB13DF148CDA9224FC7 /* CSVExportLogic.swift in Sources */ = {isa = PBXBuildFile; fileRef = 44C29CD9DC894857B5EF9BA1 /* CSVExportLogic.swift */; };
		EEE0456922814CF096D93C39 /* CSVExportService.swift in Sources */ = {isa = PBXBuildFile; fileRef = 24EF3131D06A4C2884048209 /* CSVExportService.swift */; };
		3CDA1A39C5F24C3E914527D6 /* DemoDataService.swift in Sources */ = {isa = PBXBuildFile; fileRef = C9F0F6C23B6647DDB55AF730 /* DemoDataService.swift */; };
		1BA29087F65A4DFDA598E2A1 /* FinanceCalculator.swift in Sources */ = {isa = PBXBuildFile; fileRef = 01B25D9AFA314714A24E4782 /* FinanceCalculator.swift */; };
		C9B718E6D12842F2BB02258D /* InsightEngine.swift in Sources */ = {isa = PBXBuildFile; fileRef = 9943AC500C8B40A696D4507D /* InsightEngine.swift */; };
		402B781806824509832F8FDD /* MonthlySummaryPDFService.swift in Sources */ = {isa = PBXBuildFile; fileRef = 4A60D21F3E7442E6BEB7727A /* MonthlySummaryPDFService.swift */; };
		393783CB289E415DB631BAF7 /* NotificationService.swift in Sources */ = {isa = PBXBuildFile; fileRef = 2CCA32491A5C470EA6E0A4D4 /* NotificationService.swift */; };
		51B30C738F2B41CEB4C72704 /* WidgetSnapshotStore.swift in Sources */ = {isa = PBXBuildFile; fileRef = F896D9495EA14563A8895AAA /* WidgetSnapshotStore.swift */; };
		A8B6200F7415436A9DBE877E /* DateHelpers.swift in Sources */ = {isa = PBXBuildFile; fileRef = 16B4B9CE76DE4EC796ECDD60 /* DateHelpers.swift */; };
		2E81184E3F714EDB9D8C9D56 /* Haptics.swift in Sources */ = {isa = PBXBuildFile; fileRef = F34500A4D48E43F9BC4A8354 /* Haptics.swift */; };
		C477BEE1A89C4E8AA1E244F7 /* Keyboard.swift in Sources */ = {isa = PBXBuildFile; fileRef = 561C1F59C96E419B92E42C9B /* Keyboard.swift */; };
		C551BE7DF9C94A50904E5C64 /* MoneyFormatters.swift in Sources */ = {isa = PBXBuildFile; fileRef = 9C037D11832546CA834DD102 /* MoneyFormatters.swift */; };
		CB9E3260355F4C6FB5C6CCFF /* PennyAppInfo.swift in Sources */ = {isa = PBXBuildFile; fileRef = 477DF4FFBE3C4C43919732D8 /* PennyAppInfo.swift */; };
		870D67DB3C9F4BAE9DE89C85 /* ApplePayCaptureLogicTests.swift in Sources */ = {isa = PBXBuildFile; fileRef = BA7CF69D1AE243D388D199E0 /* ApplePayCaptureLogicTests.swift */; };
		54ACDFC038934A8F94D7B231 /* ApplePayCaptureServiceTests.swift in Sources */ = {isa = PBXBuildFile; fileRef = 0065B6F6EE354553957CA64E /* ApplePayCaptureServiceTests.swift */; };
		68F16C7B206B49A5A4315008 /* ApplePayShortcutsGuideTests.swift in Sources */ = {isa = PBXBuildFile; fileRef = EB66E8F324AB4218B7CE9EB3 /* ApplePayShortcutsGuideTests.swift */; };
		484C6504FC5B4E6183DED961 /* FinanceCalculatorTests.swift in Sources */ = {isa = PBXBuildFile; fileRef = F7B141586D31429EA05B5059 /* FinanceCalculatorTests.swift */; };
		D3A83197737D4B55B5B19A73 /* ReleaseSanityTests.swift in Sources */ = {isa = PBXBuildFile; fileRef = 47E3DEDDA6F8447A85883F35 /* ReleaseSanityTests.swift */; };
		AA73D95BC9DE445EBA3DCA98 /* MonthlyBudgetWidget.swift in Sources */ = {isa = PBXBuildFile; fileRef = B9D58E81044441F6AFDAA06F /* MonthlyBudgetWidget.swift */; };
		2F19F2B7E2344F6EAF1B65EE /* PennyWidgetsBundle.swift in Sources */ = {isa = PBXBuildFile; fileRef = F21A2669B93549EC8DED0BF0 /* PennyWidgetsBundle.swift */; };
		A8F3E756B89247D48DEB8C2F /* SafeToSpendWidget.swift in Sources */ = {isa = PBXBuildFile; fileRef = 8D314F2B3BC74B758421DBF8 /* SafeToSpendWidget.swift */; };
		833395F406F44725811DAF54 /* SavingsGoalWidget.swift in Sources */ = {isa = PBXBuildFile; fileRef = A3BD320D99AC43F1B14C8CAA /* SavingsGoalWidget.swift */; };
		3984FF062D8840E08CDAC5DB /* UpcomingBillsWidget.swift in Sources */ = {isa = PBXBuildFile; fileRef = 376F0DCAB4A1488DADCB52E8 /* UpcomingBillsWidget.swift */; };
		5048221DEF5E44B19981C21C /* UpcomingReminderWidget.swift in Sources */ = {isa = PBXBuildFile; fileRef = 94DD3DDDDD8C41F5A57714C7 /* UpcomingReminderWidget.swift */; };
		9E7F142D81BB43C58AD32B6C /* WidgetSnapshotBridge.swift in Sources */ = {isa = PBXBuildFile; fileRef = 7E5047AF21724173856260C8 /* WidgetSnapshotBridge.swift */; };
		D17F6A302DA540C9B2031144 /* Assets.xcassets in Resources */ = {isa = PBXBuildFile; fileRef = 60CFD9610B054D9BB2F830B5 /* Assets.xcassets */; };
		08010789DCAC4A5F80E00D89 /* Penny.app in Frameworks */ = {isa = PBXBuildFile; fileRef = A10000000000000000000008 /* Penny.app */; };
		A10000000000000000000026 /* PennyWidgets.appex in Embed Foundation Extensions */ = {isa = PBXBuildFile; fileRef = A1000000000000000000001C /* PennyWidgets.appex */; settings = {ATTRIBUTES = (RemoveHeadersOnCopy, ); }; };
/* End PBXBuildFile section */

/* Begin PBXContainerItemProxy section */
		A10000000000000000000010 /* PBXContainerItemProxy */ = {
			isa = PBXContainerItemProxy;
			containerPortal = A10000000000000000000001 /* Project object */;
			proxyType = 1;
			remoteGlobalIDString = A10000000000000000000006;
			remoteInfo = Penny;
		};
		A10000000000000000000025 /* PBXContainerItemProxy */ = {
			isa = PBXContainerItemProxy;
			containerPortal = A10000000000000000000001 /* Project object */;
			proxyType = 1;
			remoteGlobalIDString = A1000000000000000000001B;
			remoteInfo = PennyWidgets;
		};
/* End PBXContainerItemProxy section */

/* Begin PBXCopyFilesBuildPhase section */
		A10000000000000000000023 /* Embed Foundation Extensions */ = {
			isa = PBXCopyFilesBuildPhase;
			buildActionMask = 2147483647;
			dstPath = "";
			dstSubfolderSpec = 13;
			files = (
				A10000000000000000000026 /* PennyWidgets.appex in Embed Foundation Extensions */,
			);
			name = "Embed Foundation Extensions";
			runOnlyForDeploymentPostprocessing = 0;
		};
/* End PBXCopyFilesBuildPhase section */

/* Begin PBXFileReference section */
		A10000000000000000000008 /* Penny.app */ = {isa = PBXFileReference; explicitFileType = wrapper.application; includeInIndex = 0; path = Penny.app; sourceTree = BUILT_PRODUCTS_DIR; };
		A1000000000000000000001C /* PennyWidgets.appex */ = {isa = PBXFileReference; explicitFileType = "wrapper.app-extension"; includeInIndex = 0; path = PennyWidgets.appex; sourceTree = BUILT_PRODUCTS_DIR; };
		A10000000000000000000009 /* PennyTests.xctest */ = {isa = PBXFileReference; explicitFileType = wrapper.cfbundle; includeInIndex = 0; path = PennyTests.xctest; sourceTree = BUILT_PRODUCTS_DIR; };
		A10000000000000000000027 /* Penny.entitlements */ = {isa = PBXFileReference; lastKnownFileType = text.plist.entitlements; path = Penny.entitlements; sourceTree = "<group>"; };
		A10000000000000000000028 /* PennyWidgets.entitlements */ = {isa = PBXFileReference; lastKnownFileType = text.plist.entitlements; path = PennyWidgets.entitlements; sourceTree = "<group>"; };
		A10000000000000000000029 /* Info.plist */ = {isa = PBXFileReference; lastKnownFileType = text.plist.xml; path = Info.plist; sourceTree = "<group>"; };
		00A6921A88FA4A429E33DEBE /* PennyApp.swift */ = {isa = PBXFileReference; lastKnownFileType = sourcecode.swift; path = PennyApp.swift; sourceTree = "<group>"; };
		FAAEB69DB81644D8B4AF5727 /* ActivityShareSheet.swift */ = {isa = PBXFileReference; lastKnownFileType = sourcecode.swift; path = ActivityShareSheet.swift; sourceTree = "<group>"; };
		C8758036F0944682A8080400 /* LegalDisclaimer.swift */ = {isa = PBXFileReference; lastKnownFileType = sourcecode.swift; path = LegalDisclaimer.swift; sourceTree = "<group>"; };
		324979C9349244368E5B1DAE /* PennyComponents.swift */ = {isa = PBXFileReference; lastKnownFileType = sourcecode.swift; path = PennyComponents.swift; sourceTree = "<group>"; };
		64505488B36947418D70A7A6 /* AccentTheme.swift */ = {isa = PBXFileReference; lastKnownFileType = sourcecode.swift; path = AccentTheme.swift; sourceTree = "<group>"; };
		4AD92AF43D5143DF810DB55D /* PennyButtonStyles.swift */ = {isa = PBXFileReference; lastKnownFileType = sourcecode.swift; path = PennyButtonStyles.swift; sourceTree = "<group>"; };
		DA95D4AF8C1C4785B17A7E81 /* PennyColors.swift */ = {isa = PBXFileReference; lastKnownFileType = sourcecode.swift; path = PennyColors.swift; sourceTree = "<group>"; };
		7BF0F73C9EB740D8850959AC /* PennySpacing.swift */ = {isa = PBXFileReference; lastKnownFileType = sourcecode.swift; path = PennySpacing.swift; sourceTree = "<group>"; };
		E600D86579644C3BBC252A39 /* PennyTypography.swift */ = {isa = PBXFileReference; lastKnownFileType = sourcecode.swift; path = PennyTypography.swift; sourceTree = "<group>"; };
		18D8914071FD49F49C438E8C /* ActivityView.swift */ = {isa = PBXFileReference; lastKnownFileType = sourcecode.swift; path = ActivityView.swift; sourceTree = "<group>"; };
		BDC2836D0D1D47C49499AEDC /* BudgetView.swift */ = {isa = PBXFileReference; lastKnownFileType = sourcecode.swift; path = BudgetView.swift; sourceTree = "<group>"; };
		60BB7EE47A6844E59A1D9058 /* HomeView.swift */ = {isa = PBXFileReference; lastKnownFileType = sourcecode.swift; path = HomeView.swift; sourceTree = "<group>"; };
		35D11ABAE66C49DDA8F46F22 /* FeatureWalkthroughView.swift */ = {isa = PBXFileReference; lastKnownFileType = sourcecode.swift; path = FeatureWalkthroughView.swift; sourceTree = "<group>"; };
		7C12AD7AEC014ECE85FD4336 /* OnboardingView.swift */ = {isa = PBXFileReference; lastKnownFileType = sourcecode.swift; path = OnboardingView.swift; sourceTree = "<group>"; };
		2EB48553827940109FE05E05 /* PlanView.swift */ = {isa = PBXFileReference; lastKnownFileType = sourcecode.swift; path = PlanView.swift; sourceTree = "<group>"; };
		9C3101394CFD462BAF3F50A4 /* ApplePayCaptureSetupView.swift */ = {isa = PBXFileReference; lastKnownFileType = sourcecode.swift; path = ApplePayCaptureSetupView.swift; sourceTree = "<group>"; };
		ECEF15A623E6461E95C68A1B /* SettingsView.swift */ = {isa = PBXFileReference; lastKnownFileType = sourcecode.swift; path = SettingsView.swift; sourceTree = "<group>"; };
		7F3F39701689471789921A8E /* LogApplePayPurchaseIntent.swift */ = {isa = PBXFileReference; lastKnownFileType = sourcecode.swift; path = LogApplePayPurchaseIntent.swift; sourceTree = "<group>"; };
		4603A1C0D8A44B7FB8C6C894 /* Models.swift */ = {isa = PBXFileReference; lastKnownFileType = sourcecode.swift; path = Models.swift; sourceTree = "<group>"; };
		EB243C17C5104860B8E726BD /* PennyPersistence.swift */ = {isa = PBXFileReference; lastKnownFileType = sourcecode.swift; path = PennyPersistence.swift; sourceTree = "<group>"; };
		842399F19A6242E9B58C73E6 /* AppSession.swift */ = {isa = PBXFileReference; lastKnownFileType = sourcecode.swift; path = AppSession.swift; sourceTree = "<group>"; };
		1F96847266B14767A57ED839 /* ApplePayCaptureLogic.swift */ = {isa = PBXFileReference; lastKnownFileType = sourcecode.swift; path = ApplePayCaptureLogic.swift; sourceTree = "<group>"; };
		7C4944CECDB64947ACD69280 /* ApplePayCaptureService.swift */ = {isa = PBXFileReference; lastKnownFileType = sourcecode.swift; path = ApplePayCaptureService.swift; sourceTree = "<group>"; };
		256A95C14BA440A696A049F1 /* BillPaymentCycle.swift */ = {isa = PBXFileReference; lastKnownFileType = sourcecode.swift; path = BillPaymentCycle.swift; sourceTree = "<group>"; };
		4BABAB8803BA4A24AED94E09 /* BudgetPlanning.swift */ = {isa = PBXFileReference; lastKnownFileType = sourcecode.swift; path = BudgetPlanning.swift; sourceTree = "<group>"; };
		44C29CD9DC894857B5EF9BA1 /* CSVExportLogic.swift */ = {isa = PBXFileReference; lastKnownFileType = sourcecode.swift; path = CSVExportLogic.swift; sourceTree = "<group>"; };
		24EF3131D06A4C2884048209 /* CSVExportService.swift */ = {isa = PBXFileReference; lastKnownFileType = sourcecode.swift; path = CSVExportService.swift; sourceTree = "<group>"; };
		C9F0F6C23B6647DDB55AF730 /* DemoDataService.swift */ = {isa = PBXFileReference; lastKnownFileType = sourcecode.swift; path = DemoDataService.swift; sourceTree = "<group>"; };
		01B25D9AFA314714A24E4782 /* FinanceCalculator.swift */ = {isa = PBXFileReference; lastKnownFileType = sourcecode.swift; path = FinanceCalculator.swift; sourceTree = "<group>"; };
		9943AC500C8B40A696D4507D /* InsightEngine.swift */ = {isa = PBXFileReference; lastKnownFileType = sourcecode.swift; path = InsightEngine.swift; sourceTree = "<group>"; };
		4A60D21F3E7442E6BEB7727A /* MonthlySummaryPDFService.swift */ = {isa = PBXFileReference; lastKnownFileType = sourcecode.swift; path = MonthlySummaryPDFService.swift; sourceTree = "<group>"; };
		2CCA32491A5C470EA6E0A4D4 /* NotificationService.swift */ = {isa = PBXFileReference; lastKnownFileType = sourcecode.swift; path = NotificationService.swift; sourceTree = "<group>"; };
		F896D9495EA14563A8895AAA /* WidgetSnapshotStore.swift */ = {isa = PBXFileReference; lastKnownFileType = sourcecode.swift; path = WidgetSnapshotStore.swift; sourceTree = "<group>"; };
		16B4B9CE76DE4EC796ECDD60 /* DateHelpers.swift */ = {isa = PBXFileReference; lastKnownFileType = sourcecode.swift; path = DateHelpers.swift; sourceTree = "<group>"; };
		F34500A4D48E43F9BC4A8354 /* Haptics.swift */ = {isa = PBXFileReference; lastKnownFileType = sourcecode.swift; path = Haptics.swift; sourceTree = "<group>"; };
		561C1F59C96E419B92E42C9B /* Keyboard.swift */ = {isa = PBXFileReference; lastKnownFileType = sourcecode.swift; path = Keyboard.swift; sourceTree = "<group>"; };
		9C037D11832546CA834DD102 /* MoneyFormatters.swift */ = {isa = PBXFileReference; lastKnownFileType = sourcecode.swift; path = MoneyFormatters.swift; sourceTree = "<group>"; };
		477DF4FFBE3C4C43919732D8 /* PennyAppInfo.swift */ = {isa = PBXFileReference; lastKnownFileType = sourcecode.swift; path = PennyAppInfo.swift; sourceTree = "<group>"; };
		BA7CF69D1AE243D388D199E0 /* ApplePayCaptureLogicTests.swift */ = {isa = PBXFileReference; lastKnownFileType = sourcecode.swift; path = ApplePayCaptureLogicTests.swift; sourceTree = "<group>"; };
		0065B6F6EE354553957CA64E /* ApplePayCaptureServiceTests.swift */ = {isa = PBXFileReference; lastKnownFileType = sourcecode.swift; path = ApplePayCaptureServiceTests.swift; sourceTree = "<group>"; };
		EB66E8F324AB4218B7CE9EB3 /* ApplePayShortcutsGuideTests.swift */ = {isa = PBXFileReference; lastKnownFileType = sourcecode.swift; path = ApplePayShortcutsGuideTests.swift; sourceTree = "<group>"; };
		F7B141586D31429EA05B5059 /* FinanceCalculatorTests.swift */ = {isa = PBXFileReference; lastKnownFileType = sourcecode.swift; path = FinanceCalculatorTests.swift; sourceTree = "<group>"; };
		47E3DEDDA6F8447A85883F35 /* ReleaseSanityTests.swift */ = {isa = PBXFileReference; lastKnownFileType = sourcecode.swift; path = ReleaseSanityTests.swift; sourceTree = "<group>"; };
		B9D58E81044441F6AFDAA06F /* MonthlyBudgetWidget.swift */ = {isa = PBXFileReference; lastKnownFileType = sourcecode.swift; path = MonthlyBudgetWidget.swift; sourceTree = "<group>"; };
		F21A2669B93549EC8DED0BF0 /* PennyWidgetsBundle.swift */ = {isa = PBXFileReference; lastKnownFileType = sourcecode.swift; path = PennyWidgetsBundle.swift; sourceTree = "<group>"; };
		8D314F2B3BC74B758421DBF8 /* SafeToSpendWidget.swift */ = {isa = PBXFileReference; lastKnownFileType = sourcecode.swift; path = SafeToSpendWidget.swift; sourceTree = "<group>"; };
		A3BD320D99AC43F1B14C8CAA /* SavingsGoalWidget.swift */ = {isa = PBXFileReference; lastKnownFileType = sourcecode.swift; path = SavingsGoalWidget.swift; sourceTree = "<group>"; };
		376F0DCAB4A1488DADCB52E8 /* UpcomingBillsWidget.swift */ = {isa = PBXFileReference; lastKnownFileType = sourcecode.swift; path = UpcomingBillsWidget.swift; sourceTree = "<group>"; };
		94DD3DDDDD8C41F5A57714C7 /* UpcomingReminderWidget.swift */ = {isa = PBXFileReference; lastKnownFileType = sourcecode.swift; path = UpcomingReminderWidget.swift; sourceTree = "<group>"; };
		7E5047AF21724173856260C8 /* WidgetSnapshotBridge.swift */ = {isa = PBXFileReference; lastKnownFileType = sourcecode.swift; path = WidgetSnapshotBridge.swift; sourceTree = "<group>"; };
		60CFD9610B054D9BB2F830B5 /* Assets.xcassets */ = {isa = PBXFileReference; lastKnownFileType = folder.assetcatalog; path = Assets.xcassets; sourceTree = "<group>"; };
/* End PBXFileReference section */

/* Begin PBXFrameworksBuildPhase section */
		A1000000000000000000000D /* Frameworks */ = {
			isa = PBXFrameworksBuildPhase;
			buildActionMask = 2147483647;
			files = (
			);
			runOnlyForDeploymentPostprocessing = 0;
		};
		A1000000000000000000001E /* Frameworks */ = {
			isa = PBXFrameworksBuildPhase;
			buildActionMask = 2147483647;
			files = (
			);
			runOnlyForDeploymentPostprocessing = 0;
		};
		A1000000000000000000000E /* Frameworks */ = {
			isa = PBXFrameworksBuildPhase;
			buildActionMask = 2147483647;
			files = (
				08010789DCAC4A5F80E00D89 /* Penny.app in Frameworks */,
			);
			runOnlyForDeploymentPostprocessing = 0;
		};
/* End PBXFrameworksBuildPhase section */

/* Begin PBXGroup section */
		A10000000000000000000002 = {
			isa = PBXGroup;
			children = (
				A10000000000000000000004 /* Penny */,
				A1000000000000000000001A /* PennyWidgets */,
				A10000000000000000000005 /* PennyTests */,
				A10000000000000000000003 /* Products */,
			);
			sourceTree = "<group>";
		};
		A10000000000000000000003 /* Products */ = {
			isa = PBXGroup;
			children = (
				A10000000000000000000008 /* Penny.app */,
				A1000000000000000000001C /* PennyWidgets.appex */,
				A10000000000000000000009 /* PennyTests.xctest */,
			);
			name = Products;
			sourceTree = "<group>";
		};
		A10000000000000000000004 /* Penny */ = {
			isa = PBXGroup;
			children = (
				D4B6C368775D4450B932B727 /* App */,
				B68EA6987B60479FB3992E68 /* Components */,
				E0AA35C24815493DBEA1CDBF /* DesignSystem */,
				72704DC9882A463D9F4A8CCE /* Features */,
				E2EFD46F49174C95A6061CB0 /* Intents */,
				04731E870F60476D87463403 /* Models */,
				A10000000000000000000027 /* Penny.entitlements */,
				F7EB1CA822DB4CAE8F2F4080 /* Persistence */,
				D77A7D24A66E4259B031A9C7 /* Resources */,
				8DF9F10C7FFF4C2B8F8824B4 /* Services */,
				8B24500F471E41CC99E9264E /* Utilities */,
			);
			path = Penny;
			sourceTree = "<group>";
		};
		D4B6C368775D4450B932B727 /* App */ = {
			isa = PBXGroup;
			children = (
				00A6921A88FA4A429E33DEBE /* PennyApp.swift */,
			);
			path = App;
			sourceTree = "<group>";
		};
		B68EA6987B60479FB3992E68 /* Components */ = {
			isa = PBXGroup;
			children = (
				FAAEB69DB81644D8B4AF5727 /* ActivityShareSheet.swift */,
				C8758036F0944682A8080400 /* LegalDisclaimer.swift */,
				324979C9349244368E5B1DAE /* PennyComponents.swift */,
			);
			path = Components;
			sourceTree = "<group>";
		};
		E0AA35C24815493DBEA1CDBF /* DesignSystem */ = {
			isa = PBXGroup;
			children = (
				64505488B36947418D70A7A6 /* AccentTheme.swift */,
				4AD92AF43D5143DF810DB55D /* PennyButtonStyles.swift */,
				DA95D4AF8C1C4785B17A7E81 /* PennyColors.swift */,
				7BF0F73C9EB740D8850959AC /* PennySpacing.swift */,
				E600D86579644C3BBC252A39 /* PennyTypography.swift */,
			);
			path = DesignSystem;
			sourceTree = "<group>";
		};
		72704DC9882A463D9F4A8CCE /* Features */ = {
			isa = PBXGroup;
			children = (
				296752999541427AA78DCA01 /* Activity */,
				166D2F925FC54FCEB48CAEA9 /* Budget */,
				8765F0B30C924DA886D4CEB4 /* Home */,
				A64EA8B7C3DF4175AB1868AD /* Onboarding */,
				3CBF6601FDFD419CB7637AC8 /* Plan */,
				783A5EB302094A74AFBA7F62 /* Settings */,
			);
			path = Features;
			sourceTree = "<group>";
		};
		296752999541427AA78DCA01 /* Activity */ = {
			isa = PBXGroup;
			children = (
				18D8914071FD49F49C438E8C /* ActivityView.swift */,
			);
			path = Activity;
			sourceTree = "<group>";
		};
		166D2F925FC54FCEB48CAEA9 /* Budget */ = {
			isa = PBXGroup;
			children = (
				BDC2836D0D1D47C49499AEDC /* BudgetView.swift */,
			);
			path = Budget;
			sourceTree = "<group>";
		};
		8765F0B30C924DA886D4CEB4 /* Home */ = {
			isa = PBXGroup;
			children = (
				60BB7EE47A6844E59A1D9058 /* HomeView.swift */,
			);
			path = Home;
			sourceTree = "<group>";
		};
		A64EA8B7C3DF4175AB1868AD /* Onboarding */ = {
			isa = PBXGroup;
			children = (
				35D11ABAE66C49DDA8F46F22 /* FeatureWalkthroughView.swift */,
				7C12AD7AEC014ECE85FD4336 /* OnboardingView.swift */,
			);
			path = Onboarding;
			sourceTree = "<group>";
		};
		3CBF6601FDFD419CB7637AC8 /* Plan */ = {
			isa = PBXGroup;
			children = (
				2EB48553827940109FE05E05 /* PlanView.swift */,
			);
			path = Plan;
			sourceTree = "<group>";
		};
		783A5EB302094A74AFBA7F62 /* Settings */ = {
			isa = PBXGroup;
			children = (
				9C3101394CFD462BAF3F50A4 /* ApplePayCaptureSetupView.swift */,
				ECEF15A623E6461E95C68A1B /* SettingsView.swift */,
			);
			path = Settings;
			sourceTree = "<group>";
		};
		E2EFD46F49174C95A6061CB0 /* Intents */ = {
			isa = PBXGroup;
			children = (
				7F3F39701689471789921A8E /* LogApplePayPurchaseIntent.swift */,
			);
			path = Intents;
			sourceTree = "<group>";
		};
		04731E870F60476D87463403 /* Models */ = {
			isa = PBXGroup;
			children = (
				4603A1C0D8A44B7FB8C6C894 /* Models.swift */,
			);
			path = Models;
			sourceTree = "<group>";
		};
		F7EB1CA822DB4CAE8F2F4080 /* Persistence */ = {
			isa = PBXGroup;
			children = (
				EB243C17C5104860B8E726BD /* PennyPersistence.swift */,
			);
			path = Persistence;
			sourceTree = "<group>";
		};
		D77A7D24A66E4259B031A9C7 /* Resources */ = {
			isa = PBXGroup;
			children = (
				60CFD9610B054D9BB2F830B5 /* Assets.xcassets */,
			);
			path = Resources;
			sourceTree = "<group>";
		};
		8DF9F10C7FFF4C2B8F8824B4 /* Services */ = {
			isa = PBXGroup;
			children = (
				1F96847266B14767A57ED839 /* ApplePayCaptureLogic.swift */,
				7C4944CECDB64947ACD69280 /* ApplePayCaptureService.swift */,
				842399F19A6242E9B58C73E6 /* AppSession.swift */,
				256A95C14BA440A696A049F1 /* BillPaymentCycle.swift */,
				4BABAB8803BA4A24AED94E09 /* BudgetPlanning.swift */,
				44C29CD9DC894857B5EF9BA1 /* CSVExportLogic.swift */,
				24EF3131D06A4C2884048209 /* CSVExportService.swift */,
				C9F0F6C23B6647DDB55AF730 /* DemoDataService.swift */,
				01B25D9AFA314714A24E4782 /* FinanceCalculator.swift */,
				9943AC500C8B40A696D4507D /* InsightEngine.swift */,
				4A60D21F3E7442E6BEB7727A /* MonthlySummaryPDFService.swift */,
				2CCA32491A5C470EA6E0A4D4 /* NotificationService.swift */,
				F896D9495EA14563A8895AAA /* WidgetSnapshotStore.swift */,
			);
			path = Services;
			sourceTree = "<group>";
		};
		8B24500F471E41CC99E9264E /* Utilities */ = {
			isa = PBXGroup;
			children = (
				16B4B9CE76DE4EC796ECDD60 /* DateHelpers.swift */,
				F34500A4D48E43F9BC4A8354 /* Haptics.swift */,
				561C1F59C96E419B92E42C9B /* Keyboard.swift */,
				9C037D11832546CA834DD102 /* MoneyFormatters.swift */,
				477DF4FFBE3C4C43919732D8 /* PennyAppInfo.swift */,
			);
			path = Utilities;
			sourceTree = "<group>";
		};
		A10000000000000000000005 /* PennyTests */ = {
			isa = PBXGroup;
			children = (
				BA7CF69D1AE243D388D199E0 /* ApplePayCaptureLogicTests.swift */,
				0065B6F6EE354553957CA64E /* ApplePayCaptureServiceTests.swift */,
				EB66E8F324AB4218B7CE9EB3 /* ApplePayShortcutsGuideTests.swift */,
				F7B141586D31429EA05B5059 /* FinanceCalculatorTests.swift */,
				47E3DEDDA6F8447A85883F35 /* ReleaseSanityTests.swift */,
			);
			path = PennyTests;
			sourceTree = "<group>";
		};
		A1000000000000000000001A /* PennyWidgets */ = {
			isa = PBXGroup;
			children = (
				A10000000000000000000029 /* Info.plist */,
				B9D58E81044441F6AFDAA06F /* MonthlyBudgetWidget.swift */,
				A10000000000000000000028 /* PennyWidgets.entitlements */,
				F21A2669B93549EC8DED0BF0 /* PennyWidgetsBundle.swift */,
				8D314F2B3BC74B758421DBF8 /* SafeToSpendWidget.swift */,
				A3BD320D99AC43F1B14C8CAA /* SavingsGoalWidget.swift */,
				376F0DCAB4A1488DADCB52E8 /* UpcomingBillsWidget.swift */,
				94DD3DDDDD8C41F5A57714C7 /* UpcomingReminderWidget.swift */,
				7E5047AF21724173856260C8 /* WidgetSnapshotBridge.swift */,
			);
			path = PennyWidgets;
			sourceTree = "<group>";
		};
/* End PBXGroup section */

/* Begin PBXNativeTarget section */
		A10000000000000000000006 /* Penny */ = {
			isa = PBXNativeTarget;
			buildConfigurationList = A10000000000000000000012 /* Build configuration list for PBXNativeTarget "Penny" */;
			buildPhases = (
				A1000000000000000000000A /* Sources */,
				A1000000000000000000000D /* Frameworks */,
				A1000000000000000000000C /* Resources */,
				A10000000000000000000023 /* Embed Foundation Extensions */,
			);
			buildRules = (
			);
			dependencies = (
				A10000000000000000000024 /* PBXTargetDependency */,
			);
			name = Penny;
			productName = Penny;
			productReference = A10000000000000000000008 /* Penny.app */;
			productType = "com.apple.product-type.application";
		};
		A1000000000000000000001B /* PennyWidgets */ = {
			isa = PBXNativeTarget;
			buildConfigurationList = A10000000000000000000020 /* Build configuration list for PBXNativeTarget "PennyWidgets" */;
			buildPhases = (
				A1000000000000000000001D /* Sources */,
				A1000000000000000000001E /* Frameworks */,
				A1000000000000000000001F /* Resources */,
			);
			buildRules = (
			);
			dependencies = (
			);
			name = PennyWidgets;
			productName = PennyWidgets;
			productReference = A1000000000000000000001C /* PennyWidgets.appex */;
			productType = "com.apple.product-type.app-extension";
		};
		A10000000000000000000007 /* PennyTests */ = {
			isa = PBXNativeTarget;
			buildConfigurationList = A10000000000000000000013 /* Build configuration list for PBXNativeTarget "PennyTests" */;
			buildPhases = (
				A1000000000000000000000B /* Sources */,
				A1000000000000000000000E /* Frameworks */,
			);
			buildRules = (
			);
			dependencies = (
				A1000000000000000000000F /* PBXTargetDependency */,
			);
			name = PennyTests;
			productName = PennyTests;
			productReference = A10000000000000000000009 /* PennyTests.xctest */;
			productType = "com.apple.product-type.bundle.unit-test";
		};
/* End PBXNativeTarget section */

/* Begin PBXProject section */
		A10000000000000000000001 /* Project object */ = {
			isa = PBXProject;
			attributes = {
				BuildIndependentTargetsInParallel = 1;
				LastSwiftUpdateCheck = 1600;
				LastUpgradeCheck = 1600;
				TargetAttributes = {
					A10000000000000000000006 = {
						CreatedOnToolsVersion = 16.0;
					};
					A1000000000000000000001B = {
						CreatedOnToolsVersion = 16.0;
					};
					A10000000000000000000007 = {
						CreatedOnToolsVersion = 16.0;
						TestTargetID = A10000000000000000000006;
					};
				};
			};
			buildConfigurationList = A10000000000000000000011 /* Build configuration list for PBXProject "Penny" */;
			compatibilityVersion = "Xcode 15.0";
			developmentRegion = en;
			hasScannedForEncodings = 0;
			knownRegions = (
				en,
				Base,
			);
			mainGroup = A10000000000000000000002;
			productRefGroup = A10000000000000000000003 /* Products */;
			projectDirPath = "";
			projectRoot = "";
			targets = (
				A10000000000000000000006 /* Penny */,
				A1000000000000000000001B /* PennyWidgets */,
				A10000000000000000000007 /* PennyTests */,
			);
		};
/* End PBXProject section */

/* Begin PBXResourcesBuildPhase section */
		A1000000000000000000000C /* Resources */ = {
			isa = PBXResourcesBuildPhase;
			buildActionMask = 2147483647;
			files = (
				D17F6A302DA540C9B2031144 /* Assets.xcassets in Resources */,
			);
			runOnlyForDeploymentPostprocessing = 0;
		};
		A1000000000000000000001F /* Resources */ = {
			isa = PBXResourcesBuildPhase;
			buildActionMask = 2147483647;
			files = (
			);
			runOnlyForDeploymentPostprocessing = 0;
		};
/* End PBXResourcesBuildPhase section */

/* Begin PBXSourcesBuildPhase section */
		A1000000000000000000000A /* Sources */ = {
			isa = PBXSourcesBuildPhase;
			buildActionMask = 2147483647;
			files = (
				B25539818C864B559330FEFB /* PennyApp.swift in Sources */,
				20BD85309EDB4FD4B0FA60F8 /* ActivityShareSheet.swift in Sources */,
				281022847ED44887B30E08B7 /* LegalDisclaimer.swift in Sources */,
				2F9EC4DEC1054E79B249D073 /* PennyComponents.swift in Sources */,
				23DD241A331447DBAFAA3370 /* AccentTheme.swift in Sources */,
				29202B847FBB4E36975F37F7 /* PennyButtonStyles.swift in Sources */,
				AFE464A2712046BA99E29BB0 /* PennyColors.swift in Sources */,
				62355CBDE9C04BB3B7F99F71 /* PennySpacing.swift in Sources */,
				05255C6C258342BC8F584E48 /* PennyTypography.swift in Sources */,
				8C2936978791445292FC55D8 /* ActivityView.swift in Sources */,
				C503145147EC458FA3EF9870 /* BudgetView.swift in Sources */,
				A024121DD4AF4D548A0B309B /* HomeView.swift in Sources */,
				4D689FF272A648A7A0A0AA1B /* FeatureWalkthroughView.swift in Sources */,
				91FED4D81C394930A252D508 /* OnboardingView.swift in Sources */,
				3F758FEA8B6047D2BB4C4DE1 /* PlanView.swift in Sources */,
				73327873D52D4D699D43826F /* ApplePayCaptureSetupView.swift in Sources */,
				9852EF14949C48E5AE4FCC34 /* SettingsView.swift in Sources */,
				DF39A678E8D944EFB3820F9C /* LogApplePayPurchaseIntent.swift in Sources */,
				294C6B68C0D8423A9D017C1C /* Models.swift in Sources */,
				F548DB86304A48A59A075F63 /* PennyPersistence.swift in Sources */,
				C3CB17079728420899D59E5D /* AppSession.swift in Sources */,
				E7BE3480DD9741A0ABBD1B63 /* ApplePayCaptureLogic.swift in Sources */,
				5666A7AF68E042F49084660B /* ApplePayCaptureService.swift in Sources */,
				D249CAF92B7A42A0B0511B92 /* BillPaymentCycle.swift in Sources */,
				68132F125560457B96742278 /* BudgetPlanning.swift in Sources */,
				B8F5EAB13DF148CDA9224FC7 /* CSVExportLogic.swift in Sources */,
				EEE0456922814CF096D93C39 /* CSVExportService.swift in Sources */,
				3CDA1A39C5F24C3E914527D6 /* DemoDataService.swift in Sources */,
				1BA29087F65A4DFDA598E2A1 /* FinanceCalculator.swift in Sources */,
				C9B718E6D12842F2BB02258D /* InsightEngine.swift in Sources */,
				402B781806824509832F8FDD /* MonthlySummaryPDFService.swift in Sources */,
				393783CB289E415DB631BAF7 /* NotificationService.swift in Sources */,
				51B30C738F2B41CEB4C72704 /* WidgetSnapshotStore.swift in Sources */,
				A8B6200F7415436A9DBE877E /* DateHelpers.swift in Sources */,
				2E81184E3F714EDB9D8C9D56 /* Haptics.swift in Sources */,
				C477BEE1A89C4E8AA1E244F7 /* Keyboard.swift in Sources */,
				C551BE7DF9C94A50904E5C64 /* MoneyFormatters.swift in Sources */,
				CB9E3260355F4C6FB5C6CCFF /* PennyAppInfo.swift in Sources */,
			);
			runOnlyForDeploymentPostprocessing = 0;
		};
		A1000000000000000000001D /* Sources */ = {
			isa = PBXSourcesBuildPhase;
			buildActionMask = 2147483647;
			files = (
				AA73D95BC9DE445EBA3DCA98 /* MonthlyBudgetWidget.swift in Sources */,
				2F19F2B7E2344F6EAF1B65EE /* PennyWidgetsBundle.swift in Sources */,
				A8F3E756B89247D48DEB8C2F /* SafeToSpendWidget.swift in Sources */,
				833395F406F44725811DAF54 /* SavingsGoalWidget.swift in Sources */,
				3984FF062D8840E08CDAC5DB /* UpcomingBillsWidget.swift in Sources */,
				5048221DEF5E44B19981C21C /* UpcomingReminderWidget.swift in Sources */,
				9E7F142D81BB43C58AD32B6C /* WidgetSnapshotBridge.swift in Sources */,
			);
			runOnlyForDeploymentPostprocessing = 0;
		};
		A1000000000000000000000B /* Sources */ = {
			isa = PBXSourcesBuildPhase;
			buildActionMask = 2147483647;
			files = (
				870D67DB3C9F4BAE9DE89C85 /* ApplePayCaptureLogicTests.swift in Sources */,
				54ACDFC038934A8F94D7B231 /* ApplePayCaptureServiceTests.swift in Sources */,
				68F16C7B206B49A5A4315008 /* ApplePayShortcutsGuideTests.swift in Sources */,
				484C6504FC5B4E6183DED961 /* FinanceCalculatorTests.swift in Sources */,
				D3A83197737D4B55B5B19A73 /* ReleaseSanityTests.swift in Sources */,
			);
			runOnlyForDeploymentPostprocessing = 0;
		};
/* End PBXSourcesBuildPhase section */

/* Begin PBXTargetDependency section */
		A1000000000000000000000F /* PBXTargetDependency */ = {
			isa = PBXTargetDependency;
			target = A10000000000000000000006 /* Penny */;
			targetProxy = A10000000000000000000010 /* PBXContainerItemProxy */;
		};
		A10000000000000000000024 /* PBXTargetDependency */ = {
			isa = PBXTargetDependency;
			target = A1000000000000000000001B /* PennyWidgets */;
			targetProxy = A10000000000000000000025 /* PBXContainerItemProxy */;
		};
/* End PBXTargetDependency section */

/* Begin XCBuildConfiguration section */
		A10000000000000000000014 /* Debug */ = {
			isa = XCBuildConfiguration;
			buildSettings = {

				ALWAYS_SEARCH_USER_PATHS = NO;
				CLANG_ENABLE_MODULES = YES;
				CLANG_ENABLE_OBJC_ARC = YES;
				COPY_PHASE_STRIP = NO;
				DEBUG_INFORMATION_FORMAT = dwarf;
				ENABLE_STRICT_OBJC_MSGSEND = YES;
				ENABLE_TESTABILITY = YES;
				GCC_DYNAMIC_NO_PIC = NO;
				GCC_OPTIMIZATION_LEVEL = 0;
				MTL_ENABLE_DEBUG_INFO = INCLUDE_SOURCE;
				ONLY_ACTIVE_ARCH = YES;
				SDKROOT = iphoneos;
				SWIFT_ACTIVE_COMPILATION_CONDITIONS = "DEBUG $(inherited)";
				SWIFT_OPTIMIZATION_LEVEL = "-Onone";
				SWIFT_VERSION = 5.0;

				IPHONEOS_DEPLOYMENT_TARGET = 17.0;

			};
			name = Debug;
		};
		A10000000000000000000015 /* Release */ = {
			isa = XCBuildConfiguration;
			buildSettings = {

				ALWAYS_SEARCH_USER_PATHS = NO;
				CLANG_ENABLE_MODULES = YES;
				CLANG_ENABLE_OBJC_ARC = YES;
				COPY_PHASE_STRIP = NO;
				DEBUG_INFORMATION_FORMAT = "dwarf-with-dsym";
				ENABLE_NS_ASSERTIONS = NO;
				ENABLE_STRICT_OBJC_MSGSEND = YES;
				MTL_ENABLE_DEBUG_INFO = NO;
				SDKROOT = iphoneos;
				SWIFT_COMPILATION_MODE = wholemodule;
				SWIFT_VERSION = 5.0;
				VALIDATE_PRODUCT = YES;

				IPHONEOS_DEPLOYMENT_TARGET = 17.0;

			};
			name = Release;
		};
		A10000000000000000000016 /* Debug */ = {
			isa = XCBuildConfiguration;
			buildSettings = {

				ASSETCATALOG_COMPILER_APPICON_NAME = AppIcon;
				ASSETCATALOG_COMPILER_GLOBAL_ACCENT_COLOR_NAME = AccentColor;
				CODE_SIGN_ENTITLEMENTS = Penny/Penny.entitlements;
				CODE_SIGN_STYLE = Automatic;
				CURRENT_PROJECT_VERSION = 3;
				DEVELOPMENT_TEAM = 2YJ478267N;
				ENABLE_PREVIEWS = YES;
				GENERATE_INFOPLIST_FILE = YES;
				INFOPLIST_KEY_CFBundleDisplayName = Penny;
				INFOPLIST_KEY_ITSAppUsesNonExemptEncryption = NO;
				INFOPLIST_KEY_LSApplicationCategoryType = "public.app-category.finance";
				INFOPLIST_KEY_NSUserNotificationsUsageDescription = "Penny can remind you before bills are due.";
				INFOPLIST_KEY_UIApplicationSceneManifest_Generation = YES;
				INFOPLIST_KEY_UIApplicationSupportsIndirectInputEvents = YES;
				INFOPLIST_KEY_UILaunchScreen_Generation = YES;
				INFOPLIST_KEY_UISupportedInterfaceOrientations = UIInterfaceOrientationPortrait;
				LD_RUNPATH_SEARCH_PATHS = (
					"$(inherited)",
					"@executable_path/Frameworks",
				);
				MARKETING_VERSION = 1.0.3;
				PRODUCT_BUNDLE_IDENTIFIER = com.mayooran.penny;
				PRODUCT_NAME = "$(TARGET_NAME)";
				SUPPORTED_PLATFORMS = "iphoneos iphonesimulator";
				SUPPORTS_MACCATALYST = NO;
				SWIFT_EMIT_LOC_STRINGS = YES;
				SWIFT_VERSION = 5.0;
				TARGETED_DEVICE_FAMILY = 1;

				IPHONEOS_DEPLOYMENT_TARGET = 17.0;

			};
			name = Debug;
		};
		A10000000000000000000017 /* Release */ = {
			isa = XCBuildConfiguration;
			buildSettings = {

				ASSETCATALOG_COMPILER_APPICON_NAME = AppIcon;
				ASSETCATALOG_COMPILER_GLOBAL_ACCENT_COLOR_NAME = AccentColor;
				CODE_SIGN_ENTITLEMENTS = Penny/Penny.entitlements;
				CODE_SIGN_STYLE = Automatic;
				CURRENT_PROJECT_VERSION = 3;
				DEVELOPMENT_TEAM = 2YJ478267N;
				ENABLE_PREVIEWS = YES;
				GENERATE_INFOPLIST_FILE = YES;
				INFOPLIST_KEY_CFBundleDisplayName = Penny;
				INFOPLIST_KEY_ITSAppUsesNonExemptEncryption = NO;
				INFOPLIST_KEY_LSApplicationCategoryType = "public.app-category.finance";
				INFOPLIST_KEY_NSUserNotificationsUsageDescription = "Penny can remind you before bills are due.";
				INFOPLIST_KEY_UIApplicationSceneManifest_Generation = YES;
				INFOPLIST_KEY_UIApplicationSupportsIndirectInputEvents = YES;
				INFOPLIST_KEY_UILaunchScreen_Generation = YES;
				INFOPLIST_KEY_UISupportedInterfaceOrientations = UIInterfaceOrientationPortrait;
				LD_RUNPATH_SEARCH_PATHS = (
					"$(inherited)",
					"@executable_path/Frameworks",
				);
				MARKETING_VERSION = 1.0.3;
				PRODUCT_BUNDLE_IDENTIFIER = com.mayooran.penny;
				PRODUCT_NAME = "$(TARGET_NAME)";
				SUPPORTED_PLATFORMS = "iphoneos iphonesimulator";
				SUPPORTS_MACCATALYST = NO;
				SWIFT_EMIT_LOC_STRINGS = YES;
				SWIFT_VERSION = 5.0;
				TARGETED_DEVICE_FAMILY = 1;

				IPHONEOS_DEPLOYMENT_TARGET = 17.0;

			};
			name = Release;
		};
		A10000000000000000000021 /* Debug */ = {
			isa = XCBuildConfiguration;
			buildSettings = {

				CODE_SIGN_ENTITLEMENTS = PennyWidgets/PennyWidgets.entitlements;
				CODE_SIGN_STYLE = Automatic;
				CURRENT_PROJECT_VERSION = 3;
				DEVELOPMENT_TEAM = 2YJ478267N;
				GENERATE_INFOPLIST_FILE = YES;
				INFOPLIST_FILE = PennyWidgets/Info.plist;
				INFOPLIST_KEY_CFBundleDisplayName = Penny;
				INFOPLIST_KEY_NSHumanReadableCopyright = "";
				LD_RUNPATH_SEARCH_PATHS = (
					"$(inherited)",
					"@executable_path/Frameworks",
					"@executable_path/../../Frameworks",
				);
				MARKETING_VERSION = 1.0.3;
				PRODUCT_BUNDLE_IDENTIFIER = com.mayooran.penny.widgets;
				PRODUCT_NAME = PennyWidgets;
				SKIP_INSTALL = NO;
				SUPPORTED_PLATFORMS = "iphoneos iphonesimulator";
				SUPPORTS_MACCATALYST = NO;
				SWIFT_EMIT_LOC_STRINGS = YES;
				SWIFT_VERSION = 5.0;
				TARGETED_DEVICE_FAMILY = 1;

				IPHONEOS_DEPLOYMENT_TARGET = 17.0;

			};
			name = Debug;
		};
		A10000000000000000000022 /* Release */ = {
			isa = XCBuildConfiguration;
			buildSettings = {

				CODE_SIGN_ENTITLEMENTS = PennyWidgets/PennyWidgets.entitlements;
				CODE_SIGN_STYLE = Automatic;
				CURRENT_PROJECT_VERSION = 3;
				DEVELOPMENT_TEAM = 2YJ478267N;
				GENERATE_INFOPLIST_FILE = YES;
				INFOPLIST_FILE = PennyWidgets/Info.plist;
				INFOPLIST_KEY_CFBundleDisplayName = Penny;
				INFOPLIST_KEY_NSHumanReadableCopyright = "";
				LD_RUNPATH_SEARCH_PATHS = (
					"$(inherited)",
					"@executable_path/Frameworks",
					"@executable_path/../../Frameworks",
				);
				MARKETING_VERSION = 1.0.3;
				PRODUCT_BUNDLE_IDENTIFIER = com.mayooran.penny.widgets;
				PRODUCT_NAME = PennyWidgets;
				SKIP_INSTALL = NO;
				SUPPORTED_PLATFORMS = "iphoneos iphonesimulator";
				SUPPORTS_MACCATALYST = NO;
				SWIFT_EMIT_LOC_STRINGS = YES;
				SWIFT_VERSION = 5.0;
				TARGETED_DEVICE_FAMILY = 1;

				IPHONEOS_DEPLOYMENT_TARGET = 17.0;

			};
			name = Release;
		};
		A10000000000000000000018 /* Debug */ = {
			isa = XCBuildConfiguration;
			buildSettings = {

				BUNDLE_LOADER = "$(TEST_HOST)";
				CODE_SIGN_STYLE = Automatic;
				CURRENT_PROJECT_VERSION = 3;
				GENERATE_INFOPLIST_FILE = YES;
				MARKETING_VERSION = 1.0.3;
				PRODUCT_BUNDLE_IDENTIFIER = com.mayooran.penny.tests;
				PRODUCT_NAME = "$(TARGET_NAME)";
				SWIFT_VERSION = 5.0;
				TARGETED_DEVICE_FAMILY = 1;
				TEST_HOST = "$(BUILT_PRODUCTS_DIR)/Penny.app/$(BUNDLE_EXECUTABLE_FOLDER_PATH)/Penny";

				IPHONEOS_DEPLOYMENT_TARGET = 17.0;

			};
			name = Debug;
		};
		A10000000000000000000019 /* Release */ = {
			isa = XCBuildConfiguration;
			buildSettings = {

				BUNDLE_LOADER = "$(TEST_HOST)";
				CODE_SIGN_STYLE = Automatic;
				CURRENT_PROJECT_VERSION = 3;
				GENERATE_INFOPLIST_FILE = YES;
				MARKETING_VERSION = 1.0.3;
				PRODUCT_BUNDLE_IDENTIFIER = com.mayooran.penny.tests;
				PRODUCT_NAME = "$(TARGET_NAME)";
				SWIFT_VERSION = 5.0;
				TARGETED_DEVICE_FAMILY = 1;
				TEST_HOST = "$(BUILT_PRODUCTS_DIR)/Penny.app/$(BUNDLE_EXECUTABLE_FOLDER_PATH)/Penny";

				IPHONEOS_DEPLOYMENT_TARGET = 17.0;

			};
			name = Release;
		};
/* End XCBuildConfiguration section */

/* Begin XCConfigurationList section */
		A10000000000000000000011 /* Build configuration list for PBXProject "Penny" */ = {
			isa = XCConfigurationList;
			buildConfigurations = (
				A10000000000000000000014 /* Debug */,
				A10000000000000000000015 /* Release */,
			);
			defaultConfigurationIsVisible = 0;
			defaultConfigurationName = Release;
		};
		A10000000000000000000012 /* Build configuration list for PBXNativeTarget "Penny" */ = {
			isa = XCConfigurationList;
			buildConfigurations = (
				A10000000000000000000016 /* Debug */,
				A10000000000000000000017 /* Release */,
			);
			defaultConfigurationIsVisible = 0;
			defaultConfigurationName = Release;
		};
		A10000000000000000000020 /* Build configuration list for PBXNativeTarget "PennyWidgets" */ = {
			isa = XCConfigurationList;
			buildConfigurations = (
				A10000000000000000000021 /* Debug */,
				A10000000000000000000022 /* Release */,
			);
			defaultConfigurationIsVisible = 0;
			defaultConfigurationName = Release;
		};
		A10000000000000000000013 /* Build configuration list for PBXNativeTarget "PennyTests" */ = {
			isa = XCConfigurationList;
			buildConfigurations = (
				A10000000000000000000018 /* Debug */,
				A10000000000000000000019 /* Release */,
			);
			defaultConfigurationIsVisible = 0;
			defaultConfigurationName = Release;
		};
/* End XCConfigurationList section */
	};
	rootObject = A10000000000000000000001 /* Project object */;
}
